{
    "version": 3,
    "terraform_version": "0.11.7",
    "serial": 4,
    "lineage": "61f67456-7485-8609-a4f7-01527229e088",
    "modules": [
        {
            "path": [
                "root"
            ],
            "outputs": {
                "az": {
                    "sensitive": false,
                    "type": "string",
                    "value": "us-west-2a"
                },
                "bosh_security_group": {
                    "sensitive": false,
                    "type": "string",
                    "value": "sg-0fa6229ca5f3fd28b"
                },
                "concourse_lb_internal_security_group": {
                    "sensitive": false,
                    "type": "string",
                    "value": "bbl-env-issyk-kul-2018-09-12t09-01z-concourse-lb-internal-security-group"
                },
                "concourse_lb_name": {
                    "sensitive": false,
                    "type": "string",
                    "value": "bbl-env-is-c580dfe-concourse-lb"
                },
                "concourse_lb_target_groups": {
                    "sensitive": false,
                    "type": "list",
                    "value": [
                        "bbl-env-is-c580dfe-concourse80",
                        "bbl-env-is-c580dfe-concourse443",
                        "bbl-env-is-c580dfe-concourse2222",
                        "bbl-env-is-c580dfe-concourse8443",
                        "bbl-env-is-c580dfe-concourse8844"
                    ]
                },
                "concourse_lb_url": {
                    "sensitive": false,
                    "type": "string",
                    "value": "bbl-env-is-c580dfe-concourse-lb-fdf9cf93647f4efa.elb.us-west-2.amazonaws.com"
                },
                "default_key_name": {
                    "sensitive": false,
                    "type": "string",
                    "value": "bbl-env-issyk-kul-2018-09-12t09-01z_bosh_vms"
                },
                "director__default_security_groups": {
                    "sensitive": false,
                    "type": "list",
                    "value": [
                        "sg-0fa6229ca5f3fd28b"
                    ]
                },
                "director__internal_ip": {
                    "sensitive": false,
                    "type": "string",
                    "value": "10.0.0.6"
                },
                "director_address": {
                    "sensitive": false,
                    "type": "string",
                    "value": "https://52.37.29.171:25555"
                },
                "director_name": {
                    "sensitive": false,
                    "type": "string",
                    "value": "bosh-bbl-env-issyk-kul-2018-09-12t09-01z"
                },
                "external_ip": {
                    "sensitive": false,
                    "type": "string",
                    "value": "52.37.29.171"
                },
                "iam_instance_profile": {
                    "sensitive": false,
                    "type": "string",
                    "value": "bbl-env-issyk-kul-2018-09-12t09-01z-bosh"
                },
                "internal_az_subnet_cidr_mapping": {
                    "sensitive": false,
                    "type": "map",
                    "value": {
                        "us-west-2a": "10.0.16.0/20",
                        "us-west-2b": "10.0.32.0/20",
                        "us-west-2c": "10.0.48.0/20"
                    }
                },
                "internal_az_subnet_id_mapping": {
                    "sensitive": false,
                    "type": "map",
                    "value": {
                        "us-west-2a": "subnet-091df1b68bd47dd23",
                        "us-west-2b": "subnet-097b965ef6e97509d",
                        "us-west-2c": "subnet-0b9e5ba6d4b42f434"
                    }
                },
                "internal_cidr": {
                    "sensitive": false,
                    "type": "string",
                    "value": "10.0.0.0/24"
                },
                "internal_gw": {
                    "sensitive": false,
                    "type": "string",
                    "value": "10.0.0.1"
                },
                "internal_security_group": {
                    "sensitive": false,
                    "type": "string",
                    "value": "sg-00bd6ffc4d957a8d3"
                },
                "jumpbox__default_security_groups": {
                    "sensitive": false,
                    "type": "list",
                    "value": [
                        "sg-01129e91998af8392"
                    ]
                },
                "jumpbox__internal_ip": {
                    "sensitive": false,
                    "type": "string",
                    "value": "10.0.0.5"
                },
                "jumpbox_security_group": {
                    "sensitive": false,
                    "type": "string",
                    "value": "sg-01129e91998af8392"
                },
                "jumpbox_url": {
                    "sensitive": false,
                    "type": "string",
                    "value": "52.37.29.171:22"
                },
                "kms_key_arn": {
                    "sensitive": false,
                    "type": "string",
                    "value": "arn:aws:kms:us-west-2:591090939115:key/12585414-6858-4006-b72f-59c80182d72e"
                },
                "lb_subnet_availability_zones": {
                    "sensitive": false,
                    "type": "list",
                    "value": [
                        "us-west-2a",
                        "us-west-2b",
                        "us-west-2c"
                    ]
                },
                "lb_subnet_cidrs": {
                    "sensitive": false,
                    "type": "list",
                    "value": [
                        "10.0.2.0/24",
                        "10.0.3.0/24",
                        "10.0.4.0/24"
                    ]
                },
                "lb_subnet_ids": {
                    "sensitive": false,
                    "type": "list",
                    "value": [
                        "subnet-064cc631ef5007ec1",
                        "subnet-0017a125148cb47dd",
                        "subnet-00fe2e6aed0f13f60"
                    ]
                },
                "nat_eip": {
                    "sensitive": false,
                    "type": "string",
                    "value": "54.70.219.144"
                },
                "private_key": {
                    "sensitive": true,
                    "type": "string",
                    "value": "-----BEGIN RSA PRIVATE KEY-----\nMIIJJwIBAAKCAgEAqQtPt6duvnDqeD8Tw2qmsNJn3zRuDL+tchc7vF4icucRLjuf\n9NSjUgVBsjYBrqsplGxPqVKD1ryU4wJ8oXxR8024Lthgz1ovV1zsE3SXQdns7OsH\ncNmA/w/+ECapebkdamrOPDUQdXXV1VB/xedgn7A/bhLnri00lrlNC6O7EopWN+cF\nQFZGCQMFdTN0qV34jr5c1SETN6S9j3CBgZ+8yerminEbOE72LWrVk9I++CZ7Kqt3\ngOC3WXjYXgWrkpLy/U6oodvIJOOVop9PejuKaz4qHbCJ/LMbFgDS81xJvuj1teE5\nHQ0KJDDef5wrQVu4EEPt83QujnGD2AA5GRLat3BQqUb7Fzrjm/uc7DoIgctt5zOL\nY1LKP61aTtTMcJ4MyMR8sgKIi+3YdcOSoj0kKzvTvoff3zd8lYnyy4g2WrYe5Cel\n7DZV5gbfO2S5EuVdRCTBDgXgqFSJ9UXEXor8nD7Nb6l887+ZIRFFIRmdIDm2tCvP\n2HY5/l7vUIf6CsC+l1t8t74ylqi3cOZxXSLjM9pS1zC63BMmfonepDKuznej7SGC\n3TFnX9c6J8VBW0X2BFJIBBTqazKxc8RTmA67BGu1qtR3ChUw304Gwq6k3LghNdBL\nSPsoJazlDeiP95SMFeqMvNeV5o5/eHXYOAUZJXuMjeWI5bCKME1ig1rwC+ECAwEA\nAQKCAgBD/qnFDJLuBUs6rNyNOQPtkeR4EoXFmP/yKUg833xpzWnKt+8CMtmyryya\nu0B3+p8R9XMhf3BKWrZkjWaGKhRokjVoml5uaS8rq9PFi5sfwMGdFnh6uvI5Jjyi\nUHrQ3FXprSZhb1K8fHZThDqw5v2lneYVp4MLO2Gw0r4b1XL05TIC8GjbVRh8nXt/\nhgAB9Ct7dzSuAczSD/CzlqRw+Eiey16KBy7UumYpJJTeDa6IcCoQosHB1CHL2mDl\niNBXd8ZHf3EzEc1ykRxqOjxkxThLJMkaAh2uyHg3pIM1okSDhv72dq5bchhHMGT+\n3VlEw9jIqho3V982KpDGvGg7HqtcgG2n8hV/nSNG7V1XN1RVOePIO8zmro9AJyqU\nmXkGsnPtT/IASpjRWPYLXNsT2FwzWTFtV5yNzCaVfwM/NiOVVjzI0nJYcHTKLEh8\nVzkWk6dCBX8DrkbLxCXYVMwS0GnmgWtsGfZ7fJoAJRg4n0Kych1mN48cf8F5huga\nhT6LbgrZPFtlPe3skqYgg5nxn2tci6GulcL4OPSQNZIUB1SVuCUu8oQCQrj/6mjp\nwLuBV7PJcxrkpbFml/0LEWuoldE1uyPCClgqVcdrY5GP9nY+Txc/Aae49Z4v+EhI\nYxrFqF+PVKsQGOyxchf6s8qMyz9VonjBopKCqHEdh6FzihhG9QKCAQEAzAutib2a\ngo9ExxaR1fQKvzWJzJcqY1tpzTb/mglIwEZWjnKMBoUb9Ohuh2JoQnh3zdqw6ng4\nM82AHHLYKOMqcMMid4sPGDIWEtdk2d8McT1Hsil9DRQuCl3jFakx6FOmtzKTDG+V\n69WshBRU2EZBZ/g3jPNwE05QKjwDalDEBnr4mBZ+HWTnP5Yt3N9SsoNtyH+g/qHA\nzgjFfWVCL+BszQN3AZQRJkqg5xlfKLwpnmsbDrPk5K31Q0eRJQjul+kh9Adg1T/w\nXqGYaC8ukcV+7s3qPyx43tWZfLEISIGFidNVvd1W7l7DgWo1guiY3r1fO0Xmx+Xw\nFbWU/IaAvBaI6wKCAQEA1BYh4Mn71cF8SVVkiGKdxjiO0UC0PEKECz/BlugscgWm\nUERRHcTWuuDlF1HogbdAH5Ddb8g6Oyk0+VhidNPqycffQbIDA2ILyLE8dymj+UJM\noufPJo3H8SSAU9IIUe6+0qAjwT2ZJx7mRSYFZFX4V6yiWXN0/jRvVz9EKxnfWE2r\nLpsqVuEaWxccqTDge4hWlXM0GnwGsUNuJ1yrnmeWNRT8kjTO3zvpuNpYi9fshv0x\nRkFusHRHTrHiZ3HMa5X62+MbbiBNJ42f2Ah4SiUJnX4o9OqeTEkD3bGDynbVsDNM\n94z7xDUkexG9AMWuuo/Hl9bQ9WkvPe8q3H0ofUULYwKCAQA4Rbg0Vn/4Jb7YERdj\nJAyasw8vxzi/cgR5vgM73fecX0mbu2d2nNsa7ccduzv5qPORaBCGeWU2lCQStHF8\nxTl9I7OruEQPbjC8PX7ovyTVTgspzVtZcglIfqAT5zeGVRuTRnVbZqK4CZOsUVcc\n1jNPkxru2mw8RsrA+xAOD/wftWY9u2ZIgP1tgeNgGI7cAHcUZm5mCwH7UFv2uyhH\nv+MBn0UAwG8CWm6JjWu69jmcIPmzUlV746XSSjhzOEVky7y7ahWAekO2NWasxOZY\n+ViKT2ucxI0JF2tfAgvAw0eqvQfWduZ0ktnkJQBg+/i85QkQdbSxyG4v7oYKJqX2\nOVjFAoIBAGmRsr9gC1k1fJZMSUSSQhLfKEgEuzKbsXqf+88QNr9zDHw75Vy6FGDl\nfWOERAX9n4+W3oK72jCErHfJhQi+S8qxEPJ0l4dhkJgPkReHxLVYSSl11elM/c+M\n6cvPapDOFHJngCS6crfEa77T1C9Dk+CgcBeynvPCSgHV3irOMByWXLVQS1z/o8zf\nzkZxq+wRy3eM5sygG/y0oeo5+LtauKwnjCmC287G1epL1XOWwYfYFGTyQRTYbH5B\nkX8IaEbNWxeFDqxcq8sadgxk+ut9UDHzEJQJDU7PsXry17U6Pdf9UTyQEupxwXz5\nMWlm/TikRSfRqCXge8GKgX1LV5Izgh0CggEAQS+qQ+qlptN1v8ehsO019/5ddW4j\noljxHL44RC2C7FpowrvthgrjQJu2w9+8ChDBY1szyx0pHq/40V5UCPurEQy4vLWC\nIBejlHuxsveEj916J9UF+EvEsB6D/ZmFosXEWMl4TWD7NZS/mG/lW24voBAIP+KC\nIaGMy0Z//lxpe7PXiW9wiaVmtsoOd4Dnz4orSRTW/2ok+Ez8WQPmwB5jWrDLhwzb\nmMwBntzdU4A8+MmsAXINOU9phbU77Glcn7dKEWikvzfdkSvGpZxD5ABrmwul49hT\n+uAzhdHYVcSDfsw9wr9TO4Ptf+sgmpufqxqzwZmfIsXMB54Suo9nMj6GZQ==\n-----END RSA PRIVATE KEY-----\n"
                },
                "region": {
                    "sensitive": false,
                    "type": "string",
                    "value": "us-west-2"
                },
                "subnet_id": {
                    "sensitive": false,
                    "type": "string",
                    "value": "subnet-033022b27f5ba59eb"
                },
                "vpc_id": {
                    "sensitive": false,
                    "type": "string",
                    "value": "vpc-0083f92de75c2a024"
                }
            },
            "resources": {
                "aws_cloudwatch_log_group.bbl": {
                    "type": "aws_cloudwatch_log_group",
                    "depends_on": [],
                    "primary": {
                        "id": "bbl-env-is-c580dfe-log-group20180912090126861300000001",
                        "attributes": {
                            "arn": "arn:aws:logs:us-west-2:591090939115:log-group:bbl-env-is-c580dfe-log-group20180912090126861300000001:*",
                            "id": "bbl-env-is-c580dfe-log-group20180912090126861300000001",
                            "kms_key_id": "",
                            "name": "bbl-env-is-c580dfe-log-group20180912090126861300000001",
                            "name_prefix": "bbl-env-is-c580dfe-log-group",
                            "retention_in_days": "0",
                            "tags.%": "0"
                        },
                        "meta": {},
                        "tainted": false
                    },
                    "deposed": [],
                    "provider": "provider.aws"
                },
                "aws_default_security_group.default_security_group": {
                    "type": "aws_default_security_group",
                    "depends_on": [
                        "local.vpc_id"
                    ],
                    "primary": {
                        "id": "sg-098642480cd091e3a",
                        "attributes": {
                            "arn": "arn:aws:ec2:us-west-2:591090939115:security-group/sg-098642480cd091e3a",
                            "egress.#": "0",
                            "id": "sg-098642480cd091e3a",
                            "ingress.#": "0",
                            "name": "default",
                            "owner_id": "591090939115",
                            "revoke_rules_on_delete": "false",
                            "tags.%": "0",
                            "vpc_id": "vpc-0083f92de75c2a024"
                        },
                        "meta": {
                            "e2bfb730-ecaa-11e6-8f88-34363bc7c4c0": {
                                "create": 600000000000,
                                "delete": 600000000000
                            },
                            "schema_version": "1"
                        },
                        "tainted": false
                    },
                    "deposed": [],
                    "provider": "provider.aws"
                },
                "aws_eip.jumpbox_eip": {
                    "type": "aws_eip",
                    "depends_on": [
                        "aws_internet_gateway.ig"
                    ],
                    "primary": {
                        "id": "eipalloc-000e046018924e7d1",
                        "attributes": {
                            "association_id": "eipassoc-0d83f82768fa66100",
                            "domain": "vpc",
                            "id": "eipalloc-000e046018924e7d1",
                            "instance": "i-05f59a0c540f989a5",
                            "network_interface": "eni-06f4b758740e7af7f",
                            "private_ip": "10.0.0.5",
                            "public_ip": "52.37.29.171",
                            "tags.%": "0",
                            "vpc": "true"
                        },
                        "meta": {
                            "e2bfb730-ecaa-11e6-8f88-34363bc7c4c0": {
                                "delete": 180000000000,
                                "read": 900000000000,
                                "update": 300000000000
                            }
                        },
                        "tainted": false
                    },
                    "deposed": [],
                    "provider": "provider.aws"
                },
                "aws_eip.nat_eip": {
                    "type": "aws_eip",
                    "depends_on": [
                        "aws_instance.nat",
                        "aws_internet_gateway.ig"
                    ],
                    "primary": {
                        "id": "eipalloc-00080cfa9a299b503",
                        "attributes": {
                            "association_id": "eipassoc-0ce1b398694f452b3",
                            "domain": "vpc",
                            "id": "eipalloc-00080cfa9a299b503",
                            "instance": "i-0187ab8da144835c7",
                            "network_interface": "eni-0b5632127528d5fa1",
                            "private_ip": "10.0.0.7",
                            "public_ip": "54.70.219.144",
                            "tags.%": "0",
                            "vpc": "true"
                        },
                        "meta": {
                            "e2bfb730-ecaa-11e6-8f88-34363bc7c4c0": {
                                "delete": 180000000000,
                                "read": 900000000000,
                                "update": 300000000000
                            }
                        },
                        "tainted": false
                    },
                    "deposed": [],
                    "provider": "provider.aws"
                },
                "aws_flow_log.bbl": {
                    "type": "aws_flow_log",
                    "depends_on": [
                        "aws_cloudwatch_log_group.bbl",
                        "aws_iam_role.flow_logs",
                        "local.vpc_id"
                    ],
                    "primary": {
                        "id": "fl-01af7f7f4206f97cb",
                        "attributes": {
                            "iam_role_arn": "arn:aws:iam::591090939115:role/bbl-env-issyk-kul-2018-09-12t09-01z-flow-logs-role",
                            "id": "fl-01af7f7f4206f97cb",
                            "log_group_name": "bbl-env-is-c580dfe-log-group20180912090126861300000001",
                            "traffic_type": "REJECT",
                            "vpc_id": "vpc-0083f92de75c2a024"
                        },
                        "meta": {},
                        "tainted": false
                    },
                    "deposed": [],
                    "provider": "provider.aws"
                },
                "aws_iam_instance_profile.bosh": {
                    "type": "aws_iam_instance_profile",
                    "depends_on": [
                        "aws_iam_role.bosh",
                        "local.iamProfileProvided"
                    ],
                    "primary": {
                        "id": "bbl-env-issyk-kul-2018-09-12t09-01z-bosh",
                        "attributes": {
                            "arn": "arn:aws:iam::591090939115:instance-profile/bbl-env-issyk-kul-2018-09-12t09-01z-bosh",
                            "create_date": "2018-09-12T09:01:27Z",
                            "id": "bbl-env-issyk-kul-2018-09-12t09-01z-bosh",
                            "name": "bbl-env-issyk-kul-2018-09-12t09-01z-bosh",
                            "path": "/",
                            "role": "bbl-env-issyk-kul-2018-09-12t09-01z_bosh_role",
                            "roles.#": "1",
                            "roles.2860145408": "bbl-env-issyk-kul-2018-09-12t09-01z_bosh_role",
                            "unique_id": "AIPAJHI2CCBKZ7PFMZGK4"
                        },
                        "meta": {},
                        "tainted": false
                    },
                    "deposed": [],
                    "provider": "provider.aws"
                },
                "aws_iam_policy.bosh": {
                    "type": "aws_iam_policy",
                    "depends_on": [
                        "local.iamProfileProvided"
                    ],
                    "primary": {
                        "id": "arn:aws:iam::591090939115:policy/bbl-env-issyk-kul-2018-09-12t09-01z_bosh_policy",
                        "attributes": {
                            "arn": "arn:aws:iam::591090939115:policy/bbl-env-issyk-kul-2018-09-12t09-01z_bosh_policy",
                            "description": "",
                            "id": "arn:aws:iam::591090939115:policy/bbl-env-issyk-kul-2018-09-12t09-01z_bosh_policy",
                            "name": "bbl-env-issyk-kul-2018-09-12t09-01z_bosh_policy",
                            "path": "/",
                            "policy": "{\n  \"Version\": \"2012-10-17\",\n  \"Statement\": [\n    {\n      \"Action\": [\n        \"ec2:AssociateAddress\",\n        \"ec2:AttachVolume\",\n        \"ec2:CopyImage\",\n        \"ec2:CreateVolume\",\n        \"ec2:DeleteSnapshot\",\n        \"ec2:DeleteVolume\",\n        \"ec2:DescribeAddresses\",\n        \"ec2:DescribeAvailabilityZones\",\n        \"ec2:DescribeImages\",\n        \"ec2:DescribeInstances\",\n        \"ec2:DescribeRegions\",\n        \"ec2:DescribeSecurityGroups\",\n        \"ec2:DescribeSnapshots\",\n        \"ec2:DescribeSubnets\",\n        \"ec2:DescribeVolumes\",\n        \"ec2:DetachVolume\",\n        \"ec2:CreateSnapshot\",\n        \"ec2:CreateTags\",\n        \"ec2:ModifyInstanceAttribute\",\n        \"ec2:RunInstances\",\n        \"ec2:TerminateInstances\",\n        \"ec2:RegisterImage\",\n        \"ec2:DeregisterImage\",\n        \"ec2:CancelSpotInstanceRequests\",\n        \"ec2:DescribeSpotInstanceRequests\",\n        \"ec2:RequestSpotInstances\",\n        \"ec2:CreateRoute\",\n        \"ec2:DescribeRouteTables\",\n        \"ec2:ReplaceRoute\"\n\t  ],\n\t  \"Effect\": \"Allow\",\n\t  \"Resource\": \"*\"\n    },\n\t{\n\t  \"Action\": [\n\t    \"iam:PassRole\"\n\t  ],\n\t  \"Effect\": \"Allow\",\n\t  \"Resource\": \"*\"\n\t},\n\t{\n\t  \"Action\": [\n\t    \"elasticloadbalancing:*\"\n\t  ],\n\t  \"Effect\": \"Allow\",\n\t  \"Resource\": \"*\"\n\t},\n        {\n            \"Effect\": \"Allow\",\n            \"Action\": [\n                \"kms:ReEncrypt*\",\n                \"kms:GenerateDataKey*\",\n                \"kms:CreateGrant\",\n                \"kms:DescribeKey*\"\n            ],\n            \"Resource\": [\n                \"*\"\n            ]\n        }\n  ]\n}\n"
                        },
                        "meta": {},
                        "tainted": false
                    },
                    "deposed": [],
                    "provider": "provider.aws"
                },
                "aws_iam_role.bosh": {
                    "type": "aws_iam_role",
                    "depends_on": [
                        "local.iamProfileProvided"
                    ],
                    "primary": {
                        "id": "bbl-env-issyk-kul-2018-09-12t09-01z_bosh_role",
                        "attributes": {
                            "arn": "arn:aws:iam::591090939115:role/bbl-env-issyk-kul-2018-09-12t09-01z_bosh_role",
                            "assume_role_policy": "{\"Version\":\"2012-10-17\",\"Statement\":[{\"Sid\":\"\",\"Effect\":\"Allow\",\"Principal\":{\"Service\":\"ec2.amazonaws.com\"},\"Action\":\"sts:AssumeRole\"}]}",
                            "create_date": "2018-09-12T09:01:27Z",
                            "description": "",
                            "force_detach_policies": "false",
                            "id": "bbl-env-issyk-kul-2018-09-12t09-01z_bosh_role",
                            "max_session_duration": "3600",
                            "name": "bbl-env-issyk-kul-2018-09-12t09-01z_bosh_role",
                            "path": "/",
                            "unique_id": "AROAIHYDDZXI5Z23NOAM4"
                        },
                        "meta": {},
                        "tainted": false
                    },
                    "deposed": [],
                    "provider": "provider.aws"
                },
                "aws_iam_role.flow_logs": {
                    "type": "aws_iam_role",
                    "depends_on": [],
                    "primary": {
                        "id": "bbl-env-issyk-kul-2018-09-12t09-01z-flow-logs-role",
                        "attributes": {
                            "arn": "arn:aws:iam::591090939115:role/bbl-env-issyk-kul-2018-09-12t09-01z-flow-logs-role",
                            "assume_role_policy": "{\"Version\":\"2012-10-17\",\"Statement\":[{\"Sid\":\"\",\"Effect\":\"Allow\",\"Principal\":{\"Service\":\"vpc-flow-logs.amazonaws.com\"},\"Action\":\"sts:AssumeRole\"}]}",
                            "create_date": "2018-09-12T09:01:27Z",
                            "description": "",
                            "force_detach_policies": "false",
                            "id": "bbl-env-issyk-kul-2018-09-12t09-01z-flow-logs-role",
                            "max_session_duration": "3600",
                            "name": "bbl-env-issyk-kul-2018-09-12t09-01z-flow-logs-role",
                            "path": "/",
                            "unique_id": "AROAJXJO452JLTXNWKXHW"
                        },
                        "meta": {},
                        "tainted": false
                    },
                    "deposed": [],
                    "provider": "provider.aws"
                },
                "aws_iam_role_policy.flow_logs": {
                    "type": "aws_iam_role_policy",
                    "depends_on": [
                        "aws_iam_role.flow_logs"
                    ],
                    "primary": {
                        "id": "bbl-env-issyk-kul-2018-09-12t09-01z-flow-logs-role:bbl-env-issyk-kul-2018-09-12t09-01z-flow-logs-policy",
                        "attributes": {
                            "id": "bbl-env-issyk-kul-2018-09-12t09-01z-flow-logs-role:bbl-env-issyk-kul-2018-09-12t09-01z-flow-logs-policy",
                            "name": "bbl-env-issyk-kul-2018-09-12t09-01z-flow-logs-policy",
                            "policy": "{\n  \"Version\": \"2012-10-17\",\n  \"Statement\": [\n    {\n      \"Action\": [\n        \"logs:CreateLogGroup\",\n        \"logs:CreateLogStream\",\n        \"logs:PutLogEvents\",\n        \"logs:DescribeLogGroups\",\n        \"logs:DescribeLogStreams\"\n      ],\n      \"Effect\": \"Allow\",\n      \"Resource\": \"*\"\n    }\n  ]\n}\n",
                            "role": "bbl-env-issyk-kul-2018-09-12t09-01z-flow-logs-role"
                        },
                        "meta": {},
                        "tainted": false
                    },
                    "deposed": [],
                    "provider": "provider.aws"
                },
                "aws_iam_role_policy_attachment.bosh": {
                    "type": "aws_iam_role_policy_attachment",
                    "depends_on": [
                        "aws_iam_policy.bosh",
                        "local.iamProfileProvided"
                    ],
                    "primary": {
                        "id": "bbl-env-issyk-kul-2018-09-12t09-01z_bosh_role-20180912090127632200000002",
                        "attributes": {
                            "id": "bbl-env-issyk-kul-2018-09-12t09-01z_bosh_role-20180912090127632200000002",
                            "policy_arn": "arn:aws:iam::591090939115:policy/bbl-env-issyk-kul-2018-09-12t09-01z_bosh_policy",
                            "role": "bbl-env-issyk-kul-2018-09-12t09-01z_bosh_role"
                        },
                        "meta": {},
                        "tainted": false
                    },
                    "deposed": [],
                    "provider": "provider.aws"
                },
                "aws_instance.nat": {
                    "type": "aws_instance",
                    "depends_on": [
                        "aws_security_group.nat_security_group",
                        "aws_subnet.bosh_subnet"
                    ],
                    "primary": {
                        "id": "i-0187ab8da144835c7",
                        "attributes": {
                            "ami": "ami-8bfce8f2",
                            "arn": "arn:aws:ec2:us-west-2:591090939115:instance/i-0187ab8da144835c7",
                            "associate_public_ip_address": "true",
                            "availability_zone": "us-west-2a",
                            "cpu_core_count": "2",
                            "cpu_threads_per_core": "1",
                            "credit_specification.#": "1",
                            "credit_specification.0.cpu_credits": "standard",
                            "disable_api_termination": "false",
                            "ebs_block_device.#": "0",
                            "ebs_optimized": "false",
                            "ephemeral_block_device.#": "0",
                            "get_password_data": "false",
                            "iam_instance_profile": "",
                            "id": "i-0187ab8da144835c7",
                            "instance_state": "running",
                            "instance_type": "t2.medium",
                            "ipv6_addresses.#": "0",
                            "key_name": "",
                            "monitoring": "false",
                            "network_interface.#": "0",
                            "network_interface_id": "eni-0b5632127528d5fa1",
                            "password_data": "",
                            "placement_group": "",
                            "primary_network_interface_id": "eni-0b5632127528d5fa1",
                            "private_dns": "ip-10-0-0-7.us-west-2.compute.internal",
                            "private_ip": "10.0.0.7",
                            "public_dns": "ec2-54-70-219-144.us-west-2.compute.amazonaws.com",
                            "public_ip": "54.70.219.144",
                            "root_block_device.#": "1",
                            "root_block_device.0.delete_on_termination": "true",
                            "root_block_device.0.iops": "0",
                            "root_block_device.0.volume_id": "vol-0523cf0a8817949e7",
                            "root_block_device.0.volume_size": "8",
                            "root_block_device.0.volume_type": "standard",
                            "security_groups.#": "0",
                            "source_dest_check": "false",
                            "subnet_id": "subnet-033022b27f5ba59eb",
                            "tags.%": "2",
                            "tags.EnvID": "bbl-env-issyk-kul-2018-09-12t09-01z",
                            "tags.Name": "bbl-env-issyk-kul-2018-09-12t09-01z-nat",
                            "tenancy": "default",
                            "volume_tags.%": "0",
                            "vpc_security_group_ids.#": "1",
                            "vpc_security_group_ids.3240189125": "sg-0cfda83445a0c68a0"
                        },
                        "meta": {
                            "e2bfb730-ecaa-11e6-8f88-34363bc7c4c0": {
                                "create": 600000000000,
                                "delete": 1200000000000,
                                "update": 600000000000
                            },
                            "schema_version": "1"
                        },
                        "tainted": false
                    },
                    "deposed": [],
                    "provider": "provider.aws"
                },
                "aws_internet_gateway.ig": {
                    "type": "aws_internet_gateway",
                    "depends_on": [
                        "local.vpc_id"
                    ],
                    "primary": {
                        "id": "igw-0a270a7eac7e3d8a0",
                        "attributes": {
                            "id": "igw-0a270a7eac7e3d8a0",
                            "tags.%": "0",
                            "vpc_id": "vpc-0083f92de75c2a024"
                        },
                        "meta": {},
                        "tainted": false
                    },
                    "deposed": [],
                    "provider": "provider.aws"
                },
                "aws_key_pair.bosh_vms": {
                    "type": "aws_key_pair",
                    "depends_on": [
                        "tls_private_key.bosh_vms"
                    ],
                    "primary": {
                        "id": "bbl-env-issyk-kul-2018-09-12t09-01z_bosh_vms",
                        "attributes": {
                            "fingerprint": "cc:f2:a5:56:c8:05:d4:37:6a:32:08:e8:51:b0:dd:d2",
                            "id": "bbl-env-issyk-kul-2018-09-12t09-01z_bosh_vms",
                            "key_name": "bbl-env-issyk-kul-2018-09-12t09-01z_bosh_vms",
                            "public_key": "ssh-rsa AAAAB3NzaC1yc2EAAAADAQABAAACAQCpC0+3p26+cOp4PxPDaqaw0mffNG4Mv61yFzu8XiJy5xEuO5/01KNSBUGyNgGuqymUbE+pUoPWvJTjAnyhfFHzTbgu2GDPWi9XXOwTdJdB2ezs6wdw2YD/D/4QJql5uR1qas48NRB1ddXVUH/F52CfsD9uEueuLTSWuU0Lo7sSilY35wVAVkYJAwV1M3SpXfiOvlzVIRM3pL2PcIGBn7zJ6uaKcRs4TvYtatWT0j74Jnsqq3eA4LdZeNheBauSkvL9Tqih28gk45Win096O4prPiodsIn8sxsWANLzXEm+6PW14TkdDQokMN5/nCtBW7gQQ+3zdC6OcYPYADkZEtq3cFCpRvsXOuOb+5zsOgiBy23nM4tjUso/rVpO1MxwngzIxHyyAoiL7dh1w5KiPSQrO9O+h9/fN3yVifLLiDZath7kJ6XsNlXmBt87ZLkS5V1EJMEOBeCoVIn1RcReivycPs1vqXzzv5khEUUhGZ0gOba0K8/Ydjn+Xu9Qh/oKwL6XW3y3vjKWqLdw5nFdIuMz2lLXMLrcEyZ+id6kMq7Od6PtIYLdMWdf1zonxUFbRfYEUkgEFOprMrFzxFOYDrsEa7Wq1HcKFTDfTgbCrqTcuCE10EtI+yglrOUN6I/3lIwV6oy815Xmjn94ddg4BRkle4yN5YjlsIowTWKDWvAL4Q=="
                        },
                        "meta": {
                            "schema_version": "1"
                        },
                        "tainted": false
                    },
                    "deposed": [],
                    "provider": "provider.aws"
                },
                "aws_kms_key.kms_key": {
                    "type": "aws_kms_key",
                    "depends_on": [],
                    "primary": {
                        "id": "12585414-6858-4006-b72f-59c80182d72e",
                        "attributes": {
                            "arn": "arn:aws:kms:us-west-2:591090939115:key/12585414-6858-4006-b72f-59c80182d72e",
                            "description": "",
                            "enable_key_rotation": "true",
                            "id": "12585414-6858-4006-b72f-59c80182d72e",
                            "is_enabled": "true",
                            "key_id": "12585414-6858-4006-b72f-59c80182d72e",
                            "key_usage": "ENCRYPT_DECRYPT",
                            "policy": "{\"Id\":\"key-default-1\",\"Statement\":[{\"Action\":\"kms:*\",\"Effect\":\"Allow\",\"Principal\":{\"AWS\":\"arn:aws:iam::591090939115:root\"},\"Resource\":\"*\",\"Sid\":\"Enable IAM User Permissions\"}],\"Version\":\"2012-10-17\"}",
                            "tags.%": "0"
                        },
                        "meta": {},
                        "tainted": false
                    },
                    "deposed": [],
                    "provider": "provider.aws"
                },
                "aws_lb.concourse_lb": {
                    "type": "aws_lb",
                    "depends_on": [
                        "aws_subnet.lb_subnets.*"
                    ],
                    "primary": {
                        "id": "arn:aws:elasticloadbalancing:us-west-2:591090939115:loadbalancer/net/bbl-env-is-c580dfe-concourse-lb/fdf9cf93647f4efa",
                        "attributes": {
                            "access_logs.#": "1",
                            "arn": "arn:aws:elasticloadbalancing:us-west-2:591090939115:loadbalancer/net/bbl-env-is-c580dfe-concourse-lb/fdf9cf93647f4efa",
                            "arn_suffix": "net/bbl-env-is-c580dfe-concourse-lb/fdf9cf93647f4efa",
                            "dns_name": "bbl-env-is-c580dfe-concourse-lb-fdf9cf93647f4efa.elb.us-west-2.amazonaws.com",
                            "enable_cross_zone_load_balancing": "false",
                            "enable_deletion_protection": "false",
                            "id": "arn:aws:elasticloadbalancing:us-west-2:591090939115:loadbalancer/net/bbl-env-is-c580dfe-concourse-lb/fdf9cf93647f4efa",
                            "internal": "false",
                            "ip_address_type": "ipv4",
                            "load_balancer_type": "network",
                            "name": "bbl-env-is-c580dfe-concourse-lb",
                            "security_groups.#": "0",
                            "subnet_mapping.#": "3",
                            "subnet_mapping.1762616169.allocation_id": "",
                            "subnet_mapping.1762616169.subnet_id": "subnet-00fe2e6aed0f13f60",
                            "subnet_mapping.2593972213.allocation_id": "",
                            "subnet_mapping.2593972213.subnet_id": "subnet-0017a125148cb47dd",
                            "subnet_mapping.880265994.allocation_id": "",
                            "subnet_mapping.880265994.subnet_id": "subnet-064cc631ef5007ec1",
                            "subnets.#": "3",
                            "subnets.114026392": "subnet-00fe2e6aed0f13f60",
                            "subnets.376997474": "subnet-064cc631ef5007ec1",
                            "subnets.738603914": "subnet-0017a125148cb47dd",
                            "tags.%": "0",
                            "vpc_id": "vpc-0083f92de75c2a024",
                            "zone_id": "Z18D5FSROUN65G"
                        },
                        "meta": {
                            "e2bfb730-ecaa-11e6-8f88-34363bc7c4c0": {
                                "create": 600000000000,
                                "delete": 600000000000,
                                "update": 600000000000
                            }
                        },
                        "tainted": false
                    },
                    "deposed": [],
                    "provider": "provider.aws"
                },
                "aws_lb_listener.concourse_lb_2222": {
                    "type": "aws_lb_listener",
                    "depends_on": [
                        "aws_lb.concourse_lb",
                        "aws_lb_target_group.concourse_lb_2222"
                    ],
                    "primary": {
                        "id": "arn:aws:elasticloadbalancing:us-west-2:591090939115:listener/net/bbl-env-is-c580dfe-concourse-lb/fdf9cf93647f4efa/512e1657b7f832e6",
                        "attributes": {
                            "arn": "arn:aws:elasticloadbalancing:us-west-2:591090939115:listener/net/bbl-env-is-c580dfe-concourse-lb/fdf9cf93647f4efa/512e1657b7f832e6",
                            "default_action.#": "1",
                            "default_action.0.fixed_response.#": "0",
                            "default_action.0.redirect.#": "0",
                            "default_action.0.target_group_arn": "arn:aws:elasticloadbalancing:us-west-2:591090939115:targetgroup/bbl-env-is-c580dfe-concourse2222/e42096cd01fe2bf0",
                            "default_action.0.type": "forward",
                            "id": "arn:aws:elasticloadbalancing:us-west-2:591090939115:listener/net/bbl-env-is-c580dfe-concourse-lb/fdf9cf93647f4efa/512e1657b7f832e6",
                            "load_balancer_arn": "arn:aws:elasticloadbalancing:us-west-2:591090939115:loadbalancer/net/bbl-env-is-c580dfe-concourse-lb/fdf9cf93647f4efa",
                            "port": "2222",
                            "protocol": "TCP",
                            "ssl_policy": ""
                        },
                        "meta": {},
                        "tainted": false
                    },
                    "deposed": [],
                    "provider": "provider.aws"
                },
                "aws_lb_listener.concourse_lb_443": {
                    "type": "aws_lb_listener",
                    "depends_on": [
                        "aws_lb.concourse_lb",
                        "aws_lb_target_group.concourse_lb_443"
                    ],
                    "primary": {
                        "id": "arn:aws:elasticloadbalancing:us-west-2:591090939115:listener/net/bbl-env-is-c580dfe-concourse-lb/fdf9cf93647f4efa/d35868e0aea94968",
                        "attributes": {
                            "arn": "arn:aws:elasticloadbalancing:us-west-2:591090939115:listener/net/bbl-env-is-c580dfe-concourse-lb/fdf9cf93647f4efa/d35868e0aea94968",
                            "default_action.#": "1",
                            "default_action.0.fixed_response.#": "0",
                            "default_action.0.redirect.#": "0",
                            "default_action.0.target_group_arn": "arn:aws:elasticloadbalancing:us-west-2:591090939115:targetgroup/bbl-env-is-c580dfe-concourse443/e9b4e4979588d648",
                            "default_action.0.type": "forward",
                            "id": "arn:aws:elasticloadbalancing:us-west-2:591090939115:listener/net/bbl-env-is-c580dfe-concourse-lb/fdf9cf93647f4efa/d35868e0aea94968",
                            "load_balancer_arn": "arn:aws:elasticloadbalancing:us-west-2:591090939115:loadbalancer/net/bbl-env-is-c580dfe-concourse-lb/fdf9cf93647f4efa",
                            "port": "443",
                            "protocol": "TCP",
                            "ssl_policy": ""
                        },
                        "meta": {},
                        "tainted": false
                    },
                    "deposed": [],
                    "provider": "provider.aws"
                },
                "aws_lb_listener.concourse_lb_80": {
                    "type": "aws_lb_listener",
                    "depends_on": [
                        "aws_lb.concourse_lb",
                        "aws_lb_target_group.concourse_lb_80"
                    ],
                    "primary": {
                        "id": "arn:aws:elasticloadbalancing:us-west-2:591090939115:listener/net/bbl-env-is-c580dfe-concourse-lb/fdf9cf93647f4efa/9f595e6911cf4f23",
                        "attributes": {
                            "arn": "arn:aws:elasticloadbalancing:us-west-2:591090939115:listener/net/bbl-env-is-c580dfe-concourse-lb/fdf9cf93647f4efa/9f595e6911cf4f23",
                            "default_action.#": "1",
                            "default_action.0.fixed_response.#": "0",
                            "default_action.0.redirect.#": "0",
                            "default_action.0.target_group_arn": "arn:aws:elasticloadbalancing:us-west-2:591090939115:targetgroup/bbl-env-is-c580dfe-concourse80/d7932ae121f4bd90",
                            "default_action.0.type": "forward",
                            "id": "arn:aws:elasticloadbalancing:us-west-2:591090939115:listener/net/bbl-env-is-c580dfe-concourse-lb/fdf9cf93647f4efa/9f595e6911cf4f23",
                            "load_balancer_arn": "arn:aws:elasticloadbalancing:us-west-2:591090939115:loadbalancer/net/bbl-env-is-c580dfe-concourse-lb/fdf9cf93647f4efa",
                            "port": "80",
                            "protocol": "TCP",
                            "ssl_policy": ""
                        },
                        "meta": {},
                        "tainted": false
                    },
                    "deposed": [],
                    "provider": "provider.aws"
                },
                "aws_lb_listener.concourse_lb_8443": {
                    "type": "aws_lb_listener",
                    "depends_on": [
                        "aws_lb.concourse_lb",
                        "aws_lb_target_group.concourse_lb_8443"
                    ],
                    "primary": {
                        "id": "arn:aws:elasticloadbalancing:us-west-2:591090939115:listener/net/bbl-env-is-c580dfe-concourse-lb/fdf9cf93647f4efa/02e318daef6e0574",
                        "attributes": {
                            "arn": "arn:aws:elasticloadbalancing:us-west-2:591090939115:listener/net/bbl-env-is-c580dfe-concourse-lb/fdf9cf93647f4efa/02e318daef6e0574",
                            "default_action.#": "1",
                            "default_action.0.fixed_response.#": "0",
                            "default_action.0.redirect.#": "0",
                            "default_action.0.target_group_arn": "arn:aws:elasticloadbalancing:us-west-2:591090939115:targetgroup/bbl-env-is-c580dfe-concourse8443/590ec6a40b4008fd",
                            "default_action.0.type": "forward",
                            "id": "arn:aws:elasticloadbalancing:us-west-2:591090939115:listener/net/bbl-env-is-c580dfe-concourse-lb/fdf9cf93647f4efa/02e318daef6e0574",
                            "load_balancer_arn": "arn:aws:elasticloadbalancing:us-west-2:591090939115:loadbalancer/net/bbl-env-is-c580dfe-concourse-lb/fdf9cf93647f4efa",
                            "port": "8443",
                            "protocol": "TCP",
                            "ssl_policy": ""
                        },
                        "meta": {},
                        "tainted": false
                    },
                    "deposed": [],
                    "provider": "provider.aws"
                },
                "aws_lb_listener.concourse_lb_8844": {
                    "type": "aws_lb_listener",
                    "depends_on": [
                        "aws_lb.concourse_lb",
                        "aws_lb_target_group.concourse_lb_8844"
                    ],
                    "primary": {
                        "id": "arn:aws:elasticloadbalancing:us-west-2:591090939115:listener/net/bbl-env-is-c580dfe-concourse-lb/fdf9cf93647f4efa/6f3d09bae0106d45",
                        "attributes": {
                            "arn": "arn:aws:elasticloadbalancing:us-west-2:591090939115:listener/net/bbl-env-is-c580dfe-concourse-lb/fdf9cf93647f4efa/6f3d09bae0106d45",
                            "default_action.#": "1",
                            "default_action.0.fixed_response.#": "0",
                            "default_action.0.redirect.#": "0",
                            "default_action.0.target_group_arn": "arn:aws:elasticloadbalancing:us-west-2:591090939115:targetgroup/bbl-env-is-c580dfe-concourse8844/78a1f53cbbe744da",
                            "default_action.0.type": "forward",
                            "id": "arn:aws:elasticloadbalancing:us-west-2:591090939115:listener/net/bbl-env-is-c580dfe-concourse-lb/fdf9cf93647f4efa/6f3d09bae0106d45",
                            "load_balancer_arn": "arn:aws:elasticloadbalancing:us-west-2:591090939115:loadbalancer/net/bbl-env-is-c580dfe-concourse-lb/fdf9cf93647f4efa",
                            "port": "8844",
                            "protocol": "TCP",
                            "ssl_policy": ""
                        },
                        "meta": {},
                        "tainted": false
                    },
                    "deposed": [],
                    "provider": "provider.aws"
                },
                "aws_lb_target_group.concourse_lb_2222": {
                    "type": "aws_lb_target_group",
                    "depends_on": [
                        "local.vpc_id"
                    ],
                    "primary": {
                        "id": "arn:aws:elasticloadbalancing:us-west-2:591090939115:targetgroup/bbl-env-is-c580dfe-concourse2222/e42096cd01fe2bf0",
                        "attributes": {
                            "arn": "arn:aws:elasticloadbalancing:us-west-2:591090939115:targetgroup/bbl-env-is-c580dfe-concourse2222/e42096cd01fe2bf0",
                            "arn_suffix": "targetgroup/bbl-env-is-c580dfe-concourse2222/e42096cd01fe2bf0",
                            "deregistration_delay": "300",
                            "health_check.#": "1",
                            "health_check.0.healthy_threshold": "3",
                            "health_check.0.interval": "30",
                            "health_check.0.matcher": "",
                            "health_check.0.path": "",
                            "health_check.0.port": "traffic-port",
                            "health_check.0.protocol": "TCP",
                            "health_check.0.timeout": "10",
                            "health_check.0.unhealthy_threshold": "3",
                            "id": "arn:aws:elasticloadbalancing:us-west-2:591090939115:targetgroup/bbl-env-is-c580dfe-concourse2222/e42096cd01fe2bf0",
                            "name": "bbl-env-is-c580dfe-concourse2222",
                            "port": "2222",
                            "protocol": "TCP",
                            "proxy_protocol_v2": "false",
                            "slow_start": "0",
                            "stickiness.#": "0",
                            "tags.%": "0",
                            "target_type": "instance",
                            "vpc_id": "vpc-0083f92de75c2a024"
                        },
                        "meta": {},
                        "tainted": false
                    },
                    "deposed": [],
                    "provider": "provider.aws"
                },
                "aws_lb_target_group.concourse_lb_443": {
                    "type": "aws_lb_target_group",
                    "depends_on": [
                        "local.vpc_id"
                    ],
                    "primary": {
                        "id": "arn:aws:elasticloadbalancing:us-west-2:591090939115:targetgroup/bbl-env-is-c580dfe-concourse443/e9b4e4979588d648",
                        "attributes": {
                            "arn": "arn:aws:elasticloadbalancing:us-west-2:591090939115:targetgroup/bbl-env-is-c580dfe-concourse443/e9b4e4979588d648",
                            "arn_suffix": "targetgroup/bbl-env-is-c580dfe-concourse443/e9b4e4979588d648",
                            "deregistration_delay": "300",
                            "health_check.#": "1",
                            "health_check.0.healthy_threshold": "3",
                            "health_check.0.interval": "30",
                            "health_check.0.matcher": "",
                            "health_check.0.path": "",
                            "health_check.0.port": "traffic-port",
                            "health_check.0.protocol": "TCP",
                            "health_check.0.timeout": "10",
                            "health_check.0.unhealthy_threshold": "3",
                            "id": "arn:aws:elasticloadbalancing:us-west-2:591090939115:targetgroup/bbl-env-is-c580dfe-concourse443/e9b4e4979588d648",
                            "name": "bbl-env-is-c580dfe-concourse443",
                            "port": "443",
                            "protocol": "TCP",
                            "proxy_protocol_v2": "false",
                            "slow_start": "0",
                            "stickiness.#": "0",
                            "tags.%": "0",
                            "target_type": "instance",
                            "vpc_id": "vpc-0083f92de75c2a024"
                        },
                        "meta": {},
                        "tainted": false
                    },
                    "deposed": [],
                    "provider": "provider.aws"
                },
                "aws_lb_target_group.concourse_lb_80": {
                    "type": "aws_lb_target_group",
                    "depends_on": [
                        "local.vpc_id"
                    ],
                    "primary": {
                        "id": "arn:aws:elasticloadbalancing:us-west-2:591090939115:targetgroup/bbl-env-is-c580dfe-concourse80/d7932ae121f4bd90",
                        "attributes": {
                            "arn": "arn:aws:elasticloadbalancing:us-west-2:591090939115:targetgroup/bbl-env-is-c580dfe-concourse80/d7932ae121f4bd90",
                            "arn_suffix": "targetgroup/bbl-env-is-c580dfe-concourse80/d7932ae121f4bd90",
                            "deregistration_delay": "300",
                            "health_check.#": "1",
                            "health_check.0.healthy_threshold": "10",
                            "health_check.0.interval": "30",
                            "health_check.0.matcher": "",
                            "health_check.0.path": "",
                            "health_check.0.port": "traffic-port",
                            "health_check.0.protocol": "TCP",
                            "health_check.0.timeout": "10",
                            "health_check.0.unhealthy_threshold": "10",
                            "id": "arn:aws:elasticloadbalancing:us-west-2:591090939115:targetgroup/bbl-env-is-c580dfe-concourse80/d7932ae121f4bd90",
                            "name": "bbl-env-is-c580dfe-concourse80",
                            "port": "80",
                            "protocol": "TCP",
                            "proxy_protocol_v2": "false",
                            "slow_start": "0",
                            "stickiness.#": "0",
                            "tags.%": "0",
                            "target_type": "instance",
                            "vpc_id": "vpc-0083f92de75c2a024"
                        },
                        "meta": {},
                        "tainted": false
                    },
                    "deposed": [],
                    "provider": "provider.aws"
                },
                "aws_lb_target_group.concourse_lb_8443": {
                    "type": "aws_lb_target_group",
                    "depends_on": [
                        "local.vpc_id"
                    ],
                    "primary": {
                        "id": "arn:aws:elasticloadbalancing:us-west-2:591090939115:targetgroup/bbl-env-is-c580dfe-concourse8443/590ec6a40b4008fd",
                        "attributes": {
                            "arn": "arn:aws:elasticloadbalancing:us-west-2:591090939115:targetgroup/bbl-env-is-c580dfe-concourse8443/590ec6a40b4008fd",
                            "arn_suffix": "targetgroup/bbl-env-is-c580dfe-concourse8443/590ec6a40b4008fd",
                            "deregistration_delay": "300",
                            "health_check.#": "1",
                            "health_check.0.healthy_threshold": "3",
                            "health_check.0.interval": "30",
                            "health_check.0.matcher": "",
                            "health_check.0.path": "",
                            "health_check.0.port": "traffic-port",
                            "health_check.0.protocol": "TCP",
                            "health_check.0.timeout": "10",
                            "health_check.0.unhealthy_threshold": "3",
                            "id": "arn:aws:elasticloadbalancing:us-west-2:591090939115:targetgroup/bbl-env-is-c580dfe-concourse8443/590ec6a40b4008fd",
                            "name": "bbl-env-is-c580dfe-concourse8443",
                            "port": "8443",
                            "protocol": "TCP",
                            "proxy_protocol_v2": "false",
                            "slow_start": "0",
                            "stickiness.#": "0",
                            "tags.%": "0",
                            "target_type": "instance",
                            "vpc_id": "vpc-0083f92de75c2a024"
                        },
                        "meta": {},
                        "tainted": false
                    },
                    "deposed": [],
                    "provider": "provider.aws"
                },
                "aws_lb_target_group.concourse_lb_8844": {
                    "type": "aws_lb_target_group",
                    "depends_on": [
                        "local.vpc_id"
                    ],
                    "primary": {
                        "id": "arn:aws:elasticloadbalancing:us-west-2:591090939115:targetgroup/bbl-env-is-c580dfe-concourse8844/78a1f53cbbe744da",
                        "attributes": {
                            "arn": "arn:aws:elasticloadbalancing:us-west-2:591090939115:targetgroup/bbl-env-is-c580dfe-concourse8844/78a1f53cbbe744da",
                            "arn_suffix": "targetgroup/bbl-env-is-c580dfe-concourse8844/78a1f53cbbe744da",
                            "deregistration_delay": "300",
                            "health_check.#": "1",
                            "health_check.0.healthy_threshold": "3",
                            "health_check.0.interval": "30",
                            "health_check.0.matcher": "",
                            "health_check.0.path": "",
                            "health_check.0.port": "traffic-port",
                            "health_check.0.protocol": "TCP",
                            "health_check.0.timeout": "10",
                            "health_check.0.unhealthy_threshold": "3",
                            "id": "arn:aws:elasticloadbalancing:us-west-2:591090939115:targetgroup/bbl-env-is-c580dfe-concourse8844/78a1f53cbbe744da",
                            "name": "bbl-env-is-c580dfe-concourse8844",
                            "port": "8844",
                            "protocol": "TCP",
                            "proxy_protocol_v2": "false",
                            "slow_start": "0",
                            "stickiness.#": "0",
                            "tags.%": "0",
                            "target_type": "instance",
                            "vpc_id": "vpc-0083f92de75c2a024"
                        },
                        "meta": {},
                        "tainted": false
                    },
                    "deposed": [],
                    "provider": "provider.aws"
                },
                "aws_route.bosh_route_table": {
                    "type": "aws_route",
                    "depends_on": [
                        "aws_internet_gateway.ig",
                        "aws_route_table.bosh_route_table"
                    ],
                    "primary": {
                        "id": "r-rtb-0dfcc4a9c92b3e54f1080289494",
                        "attributes": {
                            "destination_cidr_block": "0.0.0.0/0",
                            "destination_prefix_list_id": "",
                            "egress_only_gateway_id": "",
                            "gateway_id": "igw-0a270a7eac7e3d8a0",
                            "id": "r-rtb-0dfcc4a9c92b3e54f1080289494",
                            "instance_id": "",
                            "instance_owner_id": "",
                            "nat_gateway_id": "",
                            "network_interface_id": "",
                            "origin": "CreateRoute",
                            "route_table_id": "rtb-0dfcc4a9c92b3e54f",
                            "state": "active",
                            "vpc_peering_connection_id": ""
                        },
                        "meta": {
                            "e2bfb730-ecaa-11e6-8f88-34363bc7c4c0": {
                                "create": 120000000000,
                                "delete": 300000000000
                            }
                        },
                        "tainted": false
                    },
                    "deposed": [],
                    "provider": "provider.aws"
                },
                "aws_route.internal_route_table": {
                    "type": "aws_route",
                    "depends_on": [
                        "aws_instance.nat",
                        "aws_route_table.internal_route_table"
                    ],
                    "primary": {
                        "id": "r-rtb-04452c54a40a34ac61080289494",
                        "attributes": {
                            "destination_cidr_block": "0.0.0.0/0",
                            "destination_prefix_list_id": "",
                            "egress_only_gateway_id": "",
                            "gateway_id": "",
                            "id": "r-rtb-04452c54a40a34ac61080289494",
                            "instance_id": "i-0187ab8da144835c7",
                            "instance_owner_id": "591090939115",
                            "nat_gateway_id": "",
                            "network_interface_id": "eni-0b5632127528d5fa1",
                            "origin": "CreateRoute",
                            "route_table_id": "rtb-04452c54a40a34ac6",
                            "state": "active",
                            "vpc_peering_connection_id": ""
                        },
                        "meta": {
                            "e2bfb730-ecaa-11e6-8f88-34363bc7c4c0": {
                                "create": 120000000000,
                                "delete": 300000000000
                            }
                        },
                        "tainted": false
                    },
                    "deposed": [],
                    "provider": "provider.aws"
                },
                "aws_route.lb_route_table": {
                    "type": "aws_route",
                    "depends_on": [
                        "aws_internet_gateway.ig",
                        "aws_route_table.lb_route_table"
                    ],
                    "primary": {
                        "id": "r-rtb-0d0551cb9e5fcf7ac1080289494",
                        "attributes": {
                            "destination_cidr_block": "0.0.0.0/0",
                            "destination_prefix_list_id": "",
                            "egress_only_gateway_id": "",
                            "gateway_id": "igw-0a270a7eac7e3d8a0",
                            "id": "r-rtb-0d0551cb9e5fcf7ac1080289494",
                            "instance_id": "",
                            "instance_owner_id": "",
                            "nat_gateway_id": "",
                            "network_interface_id": "",
                            "origin": "CreateRoute",
                            "route_table_id": "rtb-0d0551cb9e5fcf7ac",
                            "state": "active",
                            "vpc_peering_connection_id": ""
                        },
                        "meta": {
                            "e2bfb730-ecaa-11e6-8f88-34363bc7c4c0": {
                                "create": 120000000000,
                                "delete": 300000000000
                            }
                        },
                        "tainted": false
                    },
                    "deposed": [],
                    "provider": "provider.aws"
                },
                "aws_route_table.bosh_route_table": {
                    "type": "aws_route_table",
                    "depends_on": [
                        "local.vpc_id"
                    ],
                    "primary": {
                        "id": "rtb-0dfcc4a9c92b3e54f",
                        "attributes": {
                            "id": "rtb-0dfcc4a9c92b3e54f",
                            "propagating_vgws.#": "0",
                            "route.#": "1",
                            "route.1593007882.cidr_block": "0.0.0.0/0",
                            "route.1593007882.egress_only_gateway_id": "",
                            "route.1593007882.gateway_id": "igw-0a270a7eac7e3d8a0",
                            "route.1593007882.instance_id": "",
                            "route.1593007882.ipv6_cidr_block": "",
                            "route.1593007882.nat_gateway_id": "",
                            "route.1593007882.network_interface_id": "",
                            "route.1593007882.vpc_peering_connection_id": "",
                            "tags.%": "0",
                            "vpc_id": "vpc-0083f92de75c2a024"
                        },
                        "meta": {},
                        "tainted": false
                    },
                    "deposed": [],
                    "provider": "provider.aws"
                },
                "aws_route_table.internal_route_table": {
                    "type": "aws_route_table",
                    "depends_on": [
                        "local.vpc_id"
                    ],
                    "primary": {
                        "id": "rtb-04452c54a40a34ac6",
                        "attributes": {
                            "id": "rtb-04452c54a40a34ac6",
                            "propagating_vgws.#": "0",
                            "route.#": "1",
                            "route.429466872.cidr_block": "0.0.0.0/0",
                            "route.429466872.egress_only_gateway_id": "",
                            "route.429466872.gateway_id": "",
                            "route.429466872.instance_id": "i-0187ab8da144835c7",
                            "route.429466872.ipv6_cidr_block": "",
                            "route.429466872.nat_gateway_id": "",
                            "route.429466872.network_interface_id": "eni-0b5632127528d5fa1",
                            "route.429466872.vpc_peering_connection_id": "",
                            "tags.%": "0",
                            "vpc_id": "vpc-0083f92de75c2a024"
                        },
                        "meta": {},
                        "tainted": false
                    },
                    "deposed": [],
                    "provider": "provider.aws"
                },
                "aws_route_table.lb_route_table": {
                    "type": "aws_route_table",
                    "depends_on": [
                        "local.vpc_id"
                    ],
                    "primary": {
                        "id": "rtb-0d0551cb9e5fcf7ac",
                        "attributes": {
                            "id": "rtb-0d0551cb9e5fcf7ac",
                            "propagating_vgws.#": "0",
                            "route.#": "1",
                            "route.1593007882.cidr_block": "0.0.0.0/0",
                            "route.1593007882.egress_only_gateway_id": "",
                            "route.1593007882.gateway_id": "igw-0a270a7eac7e3d8a0",
                            "route.1593007882.instance_id": "",
                            "route.1593007882.ipv6_cidr_block": "",
                            "route.1593007882.nat_gateway_id": "",
                            "route.1593007882.network_interface_id": "",
                            "route.1593007882.vpc_peering_connection_id": "",
                            "tags.%": "0",
                            "vpc_id": "vpc-0083f92de75c2a024"
                        },
                        "meta": {},
                        "tainted": false
                    },
                    "deposed": [],
                    "provider": "provider.aws"
                },
                "aws_route_table_association.route_bosh_subnets": {
                    "type": "aws_route_table_association",
                    "depends_on": [
                        "aws_route_table.bosh_route_table",
                        "aws_subnet.bosh_subnet"
                    ],
                    "primary": {
                        "id": "rtbassoc-06cd9f7939643017b",
                        "attributes": {
                            "id": "rtbassoc-06cd9f7939643017b",
                            "route_table_id": "rtb-0dfcc4a9c92b3e54f",
                            "subnet_id": "subnet-033022b27f5ba59eb"
                        },
                        "meta": {},
                        "tainted": false
                    },
                    "deposed": [],
                    "provider": "provider.aws"
                },
                "aws_route_table_association.route_internal_subnets.0": {
                    "type": "aws_route_table_association",
                    "depends_on": [
                        "aws_route_table.internal_route_table",
                        "aws_subnet.internal_subnets.*"
                    ],
                    "primary": {
                        "id": "rtbassoc-0e7837560968e4f2e",
                        "attributes": {
                            "id": "rtbassoc-0e7837560968e4f2e",
                            "route_table_id": "rtb-04452c54a40a34ac6",
                            "subnet_id": "subnet-091df1b68bd47dd23"
                        },
                        "meta": {},
                        "tainted": false
                    },
                    "deposed": [],
                    "provider": "provider.aws"
                },
                "aws_route_table_association.route_internal_subnets.1": {
                    "type": "aws_route_table_association",
                    "depends_on": [
                        "aws_route_table.internal_route_table",
                        "aws_subnet.internal_subnets.*"
                    ],
                    "primary": {
                        "id": "rtbassoc-0850bdb90a5a7991d",
                        "attributes": {
                            "id": "rtbassoc-0850bdb90a5a7991d",
                            "route_table_id": "rtb-04452c54a40a34ac6",
                            "subnet_id": "subnet-097b965ef6e97509d"
                        },
                        "meta": {},
                        "tainted": false
                    },
                    "deposed": [],
                    "provider": "provider.aws"
                },
                "aws_route_table_association.route_internal_subnets.2": {
                    "type": "aws_route_table_association",
                    "depends_on": [
                        "aws_route_table.internal_route_table",
                        "aws_subnet.internal_subnets.*"
                    ],
                    "primary": {
                        "id": "rtbassoc-068799448e66e3b2b",
                        "attributes": {
                            "id": "rtbassoc-068799448e66e3b2b",
                            "route_table_id": "rtb-04452c54a40a34ac6",
                            "subnet_id": "subnet-0b9e5ba6d4b42f434"
                        },
                        "meta": {},
                        "tainted": false
                    },
                    "deposed": [],
                    "provider": "provider.aws"
                },
                "aws_route_table_association.route_lb_subnets.0": {
                    "type": "aws_route_table_association",
                    "depends_on": [
                        "aws_route_table.lb_route_table",
                        "aws_subnet.lb_subnets.*"
                    ],
                    "primary": {
                        "id": "rtbassoc-08f930011a6bc3387",
                        "attributes": {
                            "id": "rtbassoc-08f930011a6bc3387",
                            "route_table_id": "rtb-0d0551cb9e5fcf7ac",
                            "subnet_id": "subnet-064cc631ef5007ec1"
                        },
                        "meta": {},
                        "tainted": false
                    },
                    "deposed": [],
                    "provider": "provider.aws"
                },
                "aws_route_table_association.route_lb_subnets.1": {
                    "type": "aws_route_table_association",
                    "depends_on": [
                        "aws_route_table.lb_route_table",
                        "aws_subnet.lb_subnets.*"
                    ],
                    "primary": {
                        "id": "rtbassoc-0c73825a9a522dc57",
                        "attributes": {
                            "id": "rtbassoc-0c73825a9a522dc57",
                            "route_table_id": "rtb-0d0551cb9e5fcf7ac",
                            "subnet_id": "subnet-0017a125148cb47dd"
                        },
                        "meta": {},
                        "tainted": false
                    },
                    "deposed": [],
                    "provider": "provider.aws"
                },
                "aws_route_table_association.route_lb_subnets.2": {
                    "type": "aws_route_table_association",
                    "depends_on": [
                        "aws_route_table.lb_route_table",
                        "aws_subnet.lb_subnets.*"
                    ],
                    "primary": {
                        "id": "rtbassoc-094466deab4ae9489",
                        "attributes": {
                            "id": "rtbassoc-094466deab4ae9489",
                            "route_table_id": "rtb-0d0551cb9e5fcf7ac",
                            "subnet_id": "subnet-00fe2e6aed0f13f60"
                        },
                        "meta": {},
                        "tainted": false
                    },
                    "deposed": [],
                    "provider": "provider.aws"
                },
                "aws_security_group.bosh_security_group": {
                    "type": "aws_security_group",
                    "depends_on": [
                        "local.vpc_id"
                    ],
                    "primary": {
                        "id": "sg-0fa6229ca5f3fd28b",
                        "attributes": {
                            "arn": "arn:aws:ec2:us-west-2:591090939115:security-group/sg-0fa6229ca5f3fd28b",
                            "description": "BOSH Director",
                            "egress.#": "1",
                            "egress.482069346.cidr_blocks.#": "1",
                            "egress.482069346.cidr_blocks.0": "0.0.0.0/0",
                            "egress.482069346.description": "",
                            "egress.482069346.from_port": "0",
                            "egress.482069346.ipv6_cidr_blocks.#": "0",
                            "egress.482069346.prefix_list_ids.#": "0",
                            "egress.482069346.protocol": "-1",
                            "egress.482069346.security_groups.#": "0",
                            "egress.482069346.self": "false",
                            "egress.482069346.to_port": "0",
                            "id": "sg-0fa6229ca5f3fd28b",
                            "ingress.#": "7",
                            "ingress.1463414734.cidr_blocks.#": "0",
                            "ingress.1463414734.description": "",
                            "ingress.1463414734.from_port": "0",
                            "ingress.1463414734.ipv6_cidr_blocks.#": "0",
                            "ingress.1463414734.protocol": "tcp",
                            "ingress.1463414734.security_groups.#": "1",
                            "ingress.1463414734.security_groups.4279381896": "sg-00bd6ffc4d957a8d3",
                            "ingress.1463414734.self": "false",
                            "ingress.1463414734.to_port": "65535",
                            "ingress.2541437006.cidr_blocks.#": "1",
                            "ingress.2541437006.cidr_blocks.0": "0.0.0.0/0",
                            "ingress.2541437006.description": "",
                            "ingress.2541437006.from_port": "22",
                            "ingress.2541437006.ipv6_cidr_blocks.#": "0",
                            "ingress.2541437006.protocol": "tcp",
                            "ingress.2541437006.security_groups.#": "0",
                            "ingress.2541437006.self": "false",
                            "ingress.2541437006.to_port": "22",
                            "ingress.2820047305.cidr_blocks.#": "0",
                            "ingress.2820047305.description": "",
                            "ingress.2820047305.from_port": "6868",
                            "ingress.2820047305.ipv6_cidr_blocks.#": "0",
                            "ingress.2820047305.protocol": "tcp",
                            "ingress.2820047305.security_groups.#": "1",
                            "ingress.2820047305.security_groups.3727413763": "sg-01129e91998af8392",
                            "ingress.2820047305.self": "false",
                            "ingress.2820047305.to_port": "6868",
                            "ingress.2919514852.cidr_blocks.#": "0",
                            "ingress.2919514852.description": "",
                            "ingress.2919514852.from_port": "8844",
                            "ingress.2919514852.ipv6_cidr_blocks.#": "0",
                            "ingress.2919514852.protocol": "tcp",
                            "ingress.2919514852.security_groups.#": "1",
                            "ingress.2919514852.security_groups.3727413763": "sg-01129e91998af8392",
                            "ingress.2919514852.self": "false",
                            "ingress.2919514852.to_port": "8844",
                            "ingress.3500965270.cidr_blocks.#": "0",
                            "ingress.3500965270.description": "",
                            "ingress.3500965270.from_port": "8443",
                            "ingress.3500965270.ipv6_cidr_blocks.#": "0",
                            "ingress.3500965270.protocol": "tcp",
                            "ingress.3500965270.security_groups.#": "1",
                            "ingress.3500965270.security_groups.3727413763": "sg-01129e91998af8392",
                            "ingress.3500965270.self": "false",
                            "ingress.3500965270.to_port": "8443",
                            "ingress.3975982631.cidr_blocks.#": "0",
                            "ingress.3975982631.description": "",
                            "ingress.3975982631.from_port": "0",
                            "ingress.3975982631.ipv6_cidr_blocks.#": "0",
                            "ingress.3975982631.protocol": "udp",
                            "ingress.3975982631.security_groups.#": "1",
                            "ingress.3975982631.security_groups.4279381896": "sg-00bd6ffc4d957a8d3",
                            "ingress.3975982631.self": "false",
                            "ingress.3975982631.to_port": "65535",
                            "ingress.835012179.cidr_blocks.#": "0",
                            "ingress.835012179.description": "",
                            "ingress.835012179.from_port": "25555",
                            "ingress.835012179.ipv6_cidr_blocks.#": "0",
                            "ingress.835012179.protocol": "tcp",
                            "ingress.835012179.security_groups.#": "1",
                            "ingress.835012179.security_groups.3727413763": "sg-01129e91998af8392",
                            "ingress.835012179.self": "false",
                            "ingress.835012179.to_port": "25555",
                            "name": "bbl-env-issyk-kul-2018-09-12t09-01z-bosh-security-group",
                            "owner_id": "591090939115",
                            "revoke_rules_on_delete": "false",
                            "tags.%": "1",
                            "tags.Name": "bbl-env-issyk-kul-2018-09-12t09-01z-bosh-security-group",
                            "vpc_id": "vpc-0083f92de75c2a024"
                        },
                        "meta": {
                            "e2bfb730-ecaa-11e6-8f88-34363bc7c4c0": {
                                "create": 600000000000,
                                "delete": 600000000000
                            },
                            "schema_version": "1"
                        },
                        "tainted": false
                    },
                    "deposed": [],
                    "provider": "provider.aws"
                },
                "aws_security_group.concourse_lb_internal_security_group": {
                    "type": "aws_security_group",
                    "depends_on": [
                        "local.vpc_id"
                    ],
                    "primary": {
                        "id": "sg-08c3c81f4378fc637",
                        "attributes": {
                            "arn": "arn:aws:ec2:us-west-2:591090939115:security-group/sg-08c3c81f4378fc637",
                            "description": "Concourse Internal",
                            "egress.#": "1",
                            "egress.482069346.cidr_blocks.#": "1",
                            "egress.482069346.cidr_blocks.0": "0.0.0.0/0",
                            "egress.482069346.description": "",
                            "egress.482069346.from_port": "0",
                            "egress.482069346.ipv6_cidr_blocks.#": "0",
                            "egress.482069346.prefix_list_ids.#": "0",
                            "egress.482069346.protocol": "-1",
                            "egress.482069346.security_groups.#": "0",
                            "egress.482069346.self": "false",
                            "egress.482069346.to_port": "0",
                            "id": "sg-08c3c81f4378fc637",
                            "ingress.#": "5",
                            "ingress.1416153643.cidr_blocks.#": "1",
                            "ingress.1416153643.cidr_blocks.0": "0.0.0.0/0",
                            "ingress.1416153643.description": "",
                            "ingress.1416153643.from_port": "8844",
                            "ingress.1416153643.ipv6_cidr_blocks.#": "0",
                            "ingress.1416153643.protocol": "tcp",
                            "ingress.1416153643.security_groups.#": "0",
                            "ingress.1416153643.self": "false",
                            "ingress.1416153643.to_port": "8844",
                            "ingress.2214680975.cidr_blocks.#": "1",
                            "ingress.2214680975.cidr_blocks.0": "0.0.0.0/0",
                            "ingress.2214680975.description": "",
                            "ingress.2214680975.from_port": "80",
                            "ingress.2214680975.ipv6_cidr_blocks.#": "0",
                            "ingress.2214680975.protocol": "tcp",
                            "ingress.2214680975.security_groups.#": "0",
                            "ingress.2214680975.self": "false",
                            "ingress.2214680975.to_port": "80",
                            "ingress.2617001939.cidr_blocks.#": "1",
                            "ingress.2617001939.cidr_blocks.0": "0.0.0.0/0",
                            "ingress.2617001939.description": "",
                            "ingress.2617001939.from_port": "443",
                            "ingress.2617001939.ipv6_cidr_blocks.#": "0",
                            "ingress.2617001939.protocol": "tcp",
                            "ingress.2617001939.security_groups.#": "0",
                            "ingress.2617001939.self": "false",
                            "ingress.2617001939.to_port": "443",
                            "ingress.2715662207.cidr_blocks.#": "1",
                            "ingress.2715662207.cidr_blocks.0": "0.0.0.0/0",
                            "ingress.2715662207.description": "",
                            "ingress.2715662207.from_port": "8443",
                            "ingress.2715662207.ipv6_cidr_blocks.#": "0",
                            "ingress.2715662207.protocol": "tcp",
                            "ingress.2715662207.security_groups.#": "0",
                            "ingress.2715662207.self": "false",
                            "ingress.2715662207.to_port": "8443",
                            "ingress.3985202168.cidr_blocks.#": "1",
                            "ingress.3985202168.cidr_blocks.0": "0.0.0.0/0",
                            "ingress.3985202168.description": "",
                            "ingress.3985202168.from_port": "2222",
                            "ingress.3985202168.ipv6_cidr_blocks.#": "0",
                            "ingress.3985202168.protocol": "tcp",
                            "ingress.3985202168.security_groups.#": "0",
                            "ingress.3985202168.self": "false",
                            "ingress.3985202168.to_port": "2222",
                            "name": "bbl-env-issyk-kul-2018-09-12t09-01z-concourse-lb-internal-security-group",
                            "owner_id": "591090939115",
                            "revoke_rules_on_delete": "false",
                            "tags.%": "1",
                            "tags.Name": "bbl-env-issyk-kul-2018-09-12t09-01z-concourse-lb-internal-security-group",
                            "vpc_id": "vpc-0083f92de75c2a024"
                        },
                        "meta": {
                            "e2bfb730-ecaa-11e6-8f88-34363bc7c4c0": {
                                "create": 600000000000,
                                "delete": 600000000000
                            },
                            "schema_version": "1"
                        },
                        "tainted": false
                    },
                    "deposed": [],
                    "provider": "provider.aws"
                },
                "aws_security_group.internal_security_group": {
                    "type": "aws_security_group",
                    "depends_on": [
                        "local.vpc_id"
                    ],
                    "primary": {
                        "id": "sg-00bd6ffc4d957a8d3",
                        "attributes": {
                            "arn": "arn:aws:ec2:us-west-2:591090939115:security-group/sg-00bd6ffc4d957a8d3",
                            "description": "Internal",
                            "egress.#": "1",
                            "egress.482069346.cidr_blocks.#": "1",
                            "egress.482069346.cidr_blocks.0": "0.0.0.0/0",
                            "egress.482069346.description": "",
                            "egress.482069346.from_port": "0",
                            "egress.482069346.ipv6_cidr_blocks.#": "0",
                            "egress.482069346.prefix_list_ids.#": "0",
                            "egress.482069346.protocol": "-1",
                            "egress.482069346.security_groups.#": "0",
                            "egress.482069346.self": "false",
                            "egress.482069346.to_port": "0",
                            "id": "sg-00bd6ffc4d957a8d3",
                            "ingress.#": "4",
                            "ingress.1799340084.cidr_blocks.#": "1",
                            "ingress.1799340084.cidr_blocks.0": "0.0.0.0/0",
                            "ingress.1799340084.description": "",
                            "ingress.1799340084.from_port": "-1",
                            "ingress.1799340084.ipv6_cidr_blocks.#": "0",
                            "ingress.1799340084.protocol": "icmp",
                            "ingress.1799340084.security_groups.#": "0",
                            "ingress.1799340084.self": "false",
                            "ingress.1799340084.to_port": "-1",
                            "ingress.3396387711.cidr_blocks.#": "0",
                            "ingress.3396387711.description": "",
                            "ingress.3396387711.from_port": "0",
                            "ingress.3396387711.ipv6_cidr_blocks.#": "0",
                            "ingress.3396387711.protocol": "tcp",
                            "ingress.3396387711.security_groups.#": "1",
                            "ingress.3396387711.security_groups.815113409": "sg-0fa6229ca5f3fd28b",
                            "ingress.3396387711.self": "true",
                            "ingress.3396387711.to_port": "65535",
                            "ingress.532995894.cidr_blocks.#": "0",
                            "ingress.532995894.description": "",
                            "ingress.532995894.from_port": "22",
                            "ingress.532995894.ipv6_cidr_blocks.#": "0",
                            "ingress.532995894.protocol": "tcp",
                            "ingress.532995894.security_groups.#": "1",
                            "ingress.532995894.security_groups.3727413763": "sg-01129e91998af8392",
                            "ingress.532995894.self": "false",
                            "ingress.532995894.to_port": "22",
                            "ingress.74852810.cidr_blocks.#": "0",
                            "ingress.74852810.description": "",
                            "ingress.74852810.from_port": "0",
                            "ingress.74852810.ipv6_cidr_blocks.#": "0",
                            "ingress.74852810.protocol": "udp",
                            "ingress.74852810.security_groups.#": "1",
                            "ingress.74852810.security_groups.815113409": "sg-0fa6229ca5f3fd28b",
                            "ingress.74852810.self": "true",
                            "ingress.74852810.to_port": "65535",
                            "name": "bbl-env-issyk-kul-2018-09-12t09-01z-internal-security-group",
                            "owner_id": "591090939115",
                            "revoke_rules_on_delete": "false",
                            "tags.%": "1",
                            "tags.Name": "bbl-env-issyk-kul-2018-09-12t09-01z-internal-security-group",
                            "vpc_id": "vpc-0083f92de75c2a024"
                        },
                        "meta": {
                            "e2bfb730-ecaa-11e6-8f88-34363bc7c4c0": {
                                "create": 600000000000,
                                "delete": 600000000000
                            },
                            "schema_version": "1"
                        },
                        "tainted": false
                    },
                    "deposed": [],
                    "provider": "provider.aws"
                },
                "aws_security_group.jumpbox": {
                    "type": "aws_security_group",
                    "depends_on": [
                        "local.vpc_id"
                    ],
                    "primary": {
                        "id": "sg-01129e91998af8392",
                        "attributes": {
                            "arn": "arn:aws:ec2:us-west-2:591090939115:security-group/sg-01129e91998af8392",
                            "description": "Jumpbox",
                            "egress.#": "1",
                            "egress.482069346.cidr_blocks.#": "1",
                            "egress.482069346.cidr_blocks.0": "0.0.0.0/0",
                            "egress.482069346.description": "",
                            "egress.482069346.from_port": "0",
                            "egress.482069346.ipv6_cidr_blocks.#": "0",
                            "egress.482069346.prefix_list_ids.#": "0",
                            "egress.482069346.protocol": "-1",
                            "egress.482069346.security_groups.#": "0",
                            "egress.482069346.self": "false",
                            "egress.482069346.to_port": "0",
                            "id": "sg-01129e91998af8392",
                            "ingress.#": "4",
                            "ingress.173031447.cidr_blocks.#": "1",
                            "ingress.173031447.cidr_blocks.0": "0.0.0.0/0",
                            "ingress.173031447.description": "",
                            "ingress.173031447.from_port": "6868",
                            "ingress.173031447.ipv6_cidr_blocks.#": "0",
                            "ingress.173031447.protocol": "tcp",
                            "ingress.173031447.security_groups.#": "0",
                            "ingress.173031447.self": "false",
                            "ingress.173031447.to_port": "6868",
                            "ingress.2223400681.cidr_blocks.#": "1",
                            "ingress.2223400681.cidr_blocks.0": "0.0.0.0/0",
                            "ingress.2223400681.description": "",
                            "ingress.2223400681.from_port": "3389",
                            "ingress.2223400681.ipv6_cidr_blocks.#": "0",
                            "ingress.2223400681.protocol": "tcp",
                            "ingress.2223400681.security_groups.#": "0",
                            "ingress.2223400681.self": "false",
                            "ingress.2223400681.to_port": "3389",
                            "ingress.2541437006.cidr_blocks.#": "1",
                            "ingress.2541437006.cidr_blocks.0": "0.0.0.0/0",
                            "ingress.2541437006.description": "",
                            "ingress.2541437006.from_port": "22",
                            "ingress.2541437006.ipv6_cidr_blocks.#": "0",
                            "ingress.2541437006.protocol": "tcp",
                            "ingress.2541437006.security_groups.#": "0",
                            "ingress.2541437006.self": "false",
                            "ingress.2541437006.to_port": "22",
                            "ingress.4057816182.cidr_blocks.#": "1",
                            "ingress.4057816182.cidr_blocks.0": "0.0.0.0/0",
                            "ingress.4057816182.description": "",
                            "ingress.4057816182.from_port": "25555",
                            "ingress.4057816182.ipv6_cidr_blocks.#": "0",
                            "ingress.4057816182.protocol": "tcp",
                            "ingress.4057816182.security_groups.#": "0",
                            "ingress.4057816182.self": "false",
                            "ingress.4057816182.to_port": "25555",
                            "name": "bbl-env-issyk-kul-2018-09-12t09-01z-jumpbox-security-group",
                            "owner_id": "591090939115",
                            "revoke_rules_on_delete": "false",
                            "tags.%": "1",
                            "tags.Name": "bbl-env-issyk-kul-2018-09-12t09-01z-jumpbox-security-group",
                            "vpc_id": "vpc-0083f92de75c2a024"
                        },
                        "meta": {
                            "e2bfb730-ecaa-11e6-8f88-34363bc7c4c0": {
                                "create": 600000000000,
                                "delete": 600000000000
                            },
                            "schema_version": "1"
                        },
                        "tainted": false
                    },
                    "deposed": [],
                    "provider": "provider.aws"
                },
                "aws_security_group.nat_security_group": {
                    "type": "aws_security_group",
                    "depends_on": [
                        "local.vpc_id"
                    ],
                    "primary": {
                        "id": "sg-0cfda83445a0c68a0",
                        "attributes": {
                            "arn": "arn:aws:ec2:us-west-2:591090939115:security-group/sg-0cfda83445a0c68a0",
                            "description": "NAT",
                            "egress.#": "1",
                            "egress.482069346.cidr_blocks.#": "1",
                            "egress.482069346.cidr_blocks.0": "0.0.0.0/0",
                            "egress.482069346.description": "",
                            "egress.482069346.from_port": "0",
                            "egress.482069346.ipv6_cidr_blocks.#": "0",
                            "egress.482069346.prefix_list_ids.#": "0",
                            "egress.482069346.protocol": "-1",
                            "egress.482069346.security_groups.#": "0",
                            "egress.482069346.self": "false",
                            "egress.482069346.to_port": "0",
                            "id": "sg-0cfda83445a0c68a0",
                            "ingress.#": "3",
                            "ingress.1463414734.cidr_blocks.#": "0",
                            "ingress.1463414734.description": "",
                            "ingress.1463414734.from_port": "0",
                            "ingress.1463414734.ipv6_cidr_blocks.#": "0",
                            "ingress.1463414734.protocol": "tcp",
                            "ingress.1463414734.security_groups.#": "1",
                            "ingress.1463414734.security_groups.4279381896": "sg-00bd6ffc4d957a8d3",
                            "ingress.1463414734.self": "false",
                            "ingress.1463414734.to_port": "65535",
                            "ingress.1799340084.cidr_blocks.#": "1",
                            "ingress.1799340084.cidr_blocks.0": "0.0.0.0/0",
                            "ingress.1799340084.description": "",
                            "ingress.1799340084.from_port": "-1",
                            "ingress.1799340084.ipv6_cidr_blocks.#": "0",
                            "ingress.1799340084.protocol": "icmp",
                            "ingress.1799340084.security_groups.#": "0",
                            "ingress.1799340084.self": "false",
                            "ingress.1799340084.to_port": "-1",
                            "ingress.3975982631.cidr_blocks.#": "0",
                            "ingress.3975982631.description": "",
                            "ingress.3975982631.from_port": "0",
                            "ingress.3975982631.ipv6_cidr_blocks.#": "0",
                            "ingress.3975982631.protocol": "udp",
                            "ingress.3975982631.security_groups.#": "1",
                            "ingress.3975982631.security_groups.4279381896": "sg-00bd6ffc4d957a8d3",
                            "ingress.3975982631.self": "false",
                            "ingress.3975982631.to_port": "65535",
                            "name": "bbl-env-issyk-kul-2018-09-12t09-01z-nat-security-group",
                            "owner_id": "591090939115",
                            "revoke_rules_on_delete": "false",
                            "tags.%": "1",
                            "tags.Name": "bbl-env-issyk-kul-2018-09-12t09-01z-nat-security-group",
                            "vpc_id": "vpc-0083f92de75c2a024"
                        },
                        "meta": {
                            "e2bfb730-ecaa-11e6-8f88-34363bc7c4c0": {
                                "create": 600000000000,
                                "delete": 600000000000
                            },
                            "schema_version": "1"
                        },
                        "tainted": false
                    },
                    "deposed": [],
                    "provider": "provider.aws"
                },
                "aws_security_group_rule.bosh_internal_security_rule_tcp": {
                    "type": "aws_security_group_rule",
                    "depends_on": [
                        "aws_security_group.bosh_security_group",
                        "aws_security_group.internal_security_group"
                    ],
                    "primary": {
                        "id": "sgrule-124173414",
                        "attributes": {
                            "cidr_blocks.#": "0",
                            "description": "",
                            "from_port": "0",
                            "id": "sgrule-124173414",
                            "ipv6_cidr_blocks.#": "0",
                            "prefix_list_ids.#": "0",
                            "protocol": "tcp",
                            "security_group_id": "sg-00bd6ffc4d957a8d3",
                            "self": "false",
                            "source_security_group_id": "sg-0fa6229ca5f3fd28b",
                            "to_port": "65535",
                            "type": "ingress"
                        },
                        "meta": {
                            "schema_version": "2"
                        },
                        "tainted": false
                    },
                    "deposed": [],
                    "provider": "provider.aws"
                },
                "aws_security_group_rule.bosh_internal_security_rule_udp": {
                    "type": "aws_security_group_rule",
                    "depends_on": [
                        "aws_security_group.bosh_security_group",
                        "aws_security_group.internal_security_group"
                    ],
                    "primary": {
                        "id": "sgrule-2738429833",
                        "attributes": {
                            "cidr_blocks.#": "0",
                            "description": "",
                            "from_port": "0",
                            "id": "sgrule-2738429833",
                            "ipv6_cidr_blocks.#": "0",
                            "prefix_list_ids.#": "0",
                            "protocol": "udp",
                            "security_group_id": "sg-00bd6ffc4d957a8d3",
                            "self": "false",
                            "source_security_group_id": "sg-0fa6229ca5f3fd28b",
                            "to_port": "65535",
                            "type": "ingress"
                        },
                        "meta": {
                            "schema_version": "2"
                        },
                        "tainted": false
                    },
                    "deposed": [],
                    "provider": "provider.aws"
                },
                "aws_security_group_rule.bosh_security_group_rule_allow_internet": {
                    "type": "aws_security_group_rule",
                    "depends_on": [
                        "aws_security_group.bosh_security_group"
                    ],
                    "primary": {
                        "id": "sgrule-3678382673",
                        "attributes": {
                            "cidr_blocks.#": "1",
                            "cidr_blocks.0": "0.0.0.0/0",
                            "description": "",
                            "from_port": "0",
                            "id": "sgrule-3678382673",
                            "ipv6_cidr_blocks.#": "0",
                            "prefix_list_ids.#": "0",
                            "protocol": "-1",
                            "security_group_id": "sg-0fa6229ca5f3fd28b",
                            "self": "false",
                            "to_port": "0",
                            "type": "egress"
                        },
                        "meta": {
                            "schema_version": "2"
                        },
                        "tainted": false
                    },
                    "deposed": [],
                    "provider": "provider.aws"
                },
                "aws_security_group_rule.bosh_security_group_rule_credhub": {
                    "type": "aws_security_group_rule",
                    "depends_on": [
                        "aws_security_group.bosh_security_group",
                        "aws_security_group.jumpbox"
                    ],
                    "primary": {
                        "id": "sgrule-636720541",
                        "attributes": {
                            "cidr_blocks.#": "0",
                            "description": "",
                            "from_port": "8844",
                            "id": "sgrule-636720541",
                            "ipv6_cidr_blocks.#": "0",
                            "prefix_list_ids.#": "0",
                            "protocol": "tcp",
                            "security_group_id": "sg-0fa6229ca5f3fd28b",
                            "self": "false",
                            "source_security_group_id": "sg-01129e91998af8392",
                            "to_port": "8844",
                            "type": "ingress"
                        },
                        "meta": {
                            "schema_version": "2"
                        },
                        "tainted": false
                    },
                    "deposed": [],
                    "provider": "provider.aws"
                },
                "aws_security_group_rule.bosh_security_group_rule_tcp": {
                    "type": "aws_security_group_rule",
                    "depends_on": [
                        "aws_security_group.bosh_security_group",
                        "aws_security_group.internal_security_group"
                    ],
                    "primary": {
                        "id": "sgrule-1895105159",
                        "attributes": {
                            "cidr_blocks.#": "0",
                            "description": "",
                            "from_port": "0",
                            "id": "sgrule-1895105159",
                            "ipv6_cidr_blocks.#": "0",
                            "prefix_list_ids.#": "0",
                            "protocol": "tcp",
                            "security_group_id": "sg-0fa6229ca5f3fd28b",
                            "self": "false",
                            "source_security_group_id": "sg-00bd6ffc4d957a8d3",
                            "to_port": "65535",
                            "type": "ingress"
                        },
                        "meta": {
                            "schema_version": "2"
                        },
                        "tainted": false
                    },
                    "deposed": [],
                    "provider": "provider.aws"
                },
                "aws_security_group_rule.bosh_security_group_rule_tcp_bosh_agent": {
                    "type": "aws_security_group_rule",
                    "depends_on": [
                        "aws_security_group.bosh_security_group",
                        "aws_security_group.jumpbox"
                    ],
                    "primary": {
                        "id": "sgrule-101234157",
                        "attributes": {
                            "cidr_blocks.#": "0",
                            "description": "",
                            "from_port": "6868",
                            "id": "sgrule-101234157",
                            "ipv6_cidr_blocks.#": "0",
                            "prefix_list_ids.#": "0",
                            "protocol": "tcp",
                            "security_group_id": "sg-0fa6229ca5f3fd28b",
                            "self": "false",
                            "source_security_group_id": "sg-01129e91998af8392",
                            "to_port": "6868",
                            "type": "ingress"
                        },
                        "meta": {
                            "schema_version": "2"
                        },
                        "tainted": false
                    },
                    "deposed": [],
                    "provider": "provider.aws"
                },
                "aws_security_group_rule.bosh_security_group_rule_tcp_director_api": {
                    "type": "aws_security_group_rule",
                    "depends_on": [
                        "aws_security_group.bosh_security_group",
                        "aws_security_group.jumpbox"
                    ],
                    "primary": {
                        "id": "sgrule-568576747",
                        "attributes": {
                            "cidr_blocks.#": "0",
                            "description": "",
                            "from_port": "25555",
                            "id": "sgrule-568576747",
                            "ipv6_cidr_blocks.#": "0",
                            "prefix_list_ids.#": "0",
                            "protocol": "tcp",
                            "security_group_id": "sg-0fa6229ca5f3fd28b",
                            "self": "false",
                            "source_security_group_id": "sg-01129e91998af8392",
                            "to_port": "25555",
                            "type": "ingress"
                        },
                        "meta": {
                            "schema_version": "2"
                        },
                        "tainted": false
                    },
                    "deposed": [],
                    "provider": "provider.aws"
                },
                "aws_security_group_rule.bosh_security_group_rule_tcp_ssh": {
                    "type": "aws_security_group_rule",
                    "depends_on": [
                        "aws_security_group.bosh_security_group"
                    ],
                    "primary": {
                        "id": "sgrule-1008180678",
                        "attributes": {
                            "cidr_blocks.#": "1",
                            "cidr_blocks.0": "0.0.0.0/0",
                            "description": "",
                            "from_port": "22",
                            "id": "sgrule-1008180678",
                            "ipv6_cidr_blocks.#": "0",
                            "prefix_list_ids.#": "0",
                            "protocol": "tcp",
                            "security_group_id": "sg-0fa6229ca5f3fd28b",
                            "self": "false",
                            "to_port": "22",
                            "type": "ingress"
                        },
                        "meta": {
                            "schema_version": "2"
                        },
                        "tainted": false
                    },
                    "deposed": [],
                    "provider": "provider.aws"
                },
                "aws_security_group_rule.bosh_security_group_rule_uaa": {
                    "type": "aws_security_group_rule",
                    "depends_on": [
                        "aws_security_group.bosh_security_group",
                        "aws_security_group.jumpbox"
                    ],
                    "primary": {
                        "id": "sgrule-4065667131",
                        "attributes": {
                            "cidr_blocks.#": "0",
                            "description": "",
                            "from_port": "8443",
                            "id": "sgrule-4065667131",
                            "ipv6_cidr_blocks.#": "0",
                            "prefix_list_ids.#": "0",
                            "protocol": "tcp",
                            "security_group_id": "sg-0fa6229ca5f3fd28b",
                            "self": "false",
                            "source_security_group_id": "sg-01129e91998af8392",
                            "to_port": "8443",
                            "type": "ingress"
                        },
                        "meta": {
                            "schema_version": "2"
                        },
                        "tainted": false
                    },
                    "deposed": [],
                    "provider": "provider.aws"
                },
                "aws_security_group_rule.bosh_security_group_rule_udp": {
                    "type": "aws_security_group_rule",
                    "depends_on": [
                        "aws_security_group.bosh_security_group",
                        "aws_security_group.internal_security_group"
                    ],
                    "primary": {
                        "id": "sgrule-3567952232",
                        "attributes": {
                            "cidr_blocks.#": "0",
                            "description": "",
                            "from_port": "0",
                            "id": "sgrule-3567952232",
                            "ipv6_cidr_blocks.#": "0",
                            "prefix_list_ids.#": "0",
                            "protocol": "udp",
                            "security_group_id": "sg-0fa6229ca5f3fd28b",
                            "self": "false",
                            "source_security_group_id": "sg-00bd6ffc4d957a8d3",
                            "to_port": "65535",
                            "type": "ingress"
                        },
                        "meta": {
                            "schema_version": "2"
                        },
                        "tainted": false
                    },
                    "deposed": [],
                    "provider": "provider.aws"
                },
                "aws_security_group_rule.concourse_lb_internal_2222": {
                    "type": "aws_security_group_rule",
                    "depends_on": [
                        "aws_security_group.concourse_lb_internal_security_group"
                    ],
                    "primary": {
                        "id": "sgrule-3995704302",
                        "attributes": {
                            "cidr_blocks.#": "1",
                            "cidr_blocks.0": "0.0.0.0/0",
                            "description": "",
                            "from_port": "2222",
                            "id": "sgrule-3995704302",
                            "ipv6_cidr_blocks.#": "0",
                            "prefix_list_ids.#": "0",
                            "protocol": "tcp",
                            "security_group_id": "sg-08c3c81f4378fc637",
                            "self": "false",
                            "to_port": "2222",
                            "type": "ingress"
                        },
                        "meta": {
                            "schema_version": "2"
                        },
                        "tainted": false
                    },
                    "deposed": [],
                    "provider": "provider.aws"
                },
                "aws_security_group_rule.concourse_lb_internal_443": {
                    "type": "aws_security_group_rule",
                    "depends_on": [
                        "aws_security_group.concourse_lb_internal_security_group"
                    ],
                    "primary": {
                        "id": "sgrule-3901129946",
                        "attributes": {
                            "cidr_blocks.#": "1",
                            "cidr_blocks.0": "0.0.0.0/0",
                            "description": "",
                            "from_port": "443",
                            "id": "sgrule-3901129946",
                            "ipv6_cidr_blocks.#": "0",
                            "prefix_list_ids.#": "0",
                            "protocol": "tcp",
                            "security_group_id": "sg-08c3c81f4378fc637",
                            "self": "false",
                            "to_port": "443",
                            "type": "ingress"
                        },
                        "meta": {
                            "schema_version": "2"
                        },
                        "tainted": false
                    },
                    "deposed": [],
                    "provider": "provider.aws"
                },
                "aws_security_group_rule.concourse_lb_internal_80": {
                    "type": "aws_security_group_rule",
                    "depends_on": [
                        "aws_security_group.concourse_lb_internal_security_group"
                    ],
                    "primary": {
                        "id": "sgrule-3035602081",
                        "attributes": {
                            "cidr_blocks.#": "1",
                            "cidr_blocks.0": "0.0.0.0/0",
                            "description": "",
                            "from_port": "80",
                            "id": "sgrule-3035602081",
                            "ipv6_cidr_blocks.#": "0",
                            "prefix_list_ids.#": "0",
                            "protocol": "tcp",
                            "security_group_id": "sg-08c3c81f4378fc637",
                            "self": "false",
                            "to_port": "80",
                            "type": "ingress"
                        },
                        "meta": {
                            "schema_version": "2"
                        },
                        "tainted": false
                    },
                    "deposed": [],
                    "provider": "provider.aws"
                },
                "aws_security_group_rule.concourse_lb_internal_8443": {
                    "type": "aws_security_group_rule",
                    "depends_on": [
                        "aws_security_group.concourse_lb_internal_security_group"
                    ],
                    "primary": {
                        "id": "sgrule-861370213",
                        "attributes": {
                            "cidr_blocks.#": "1",
                            "cidr_blocks.0": "0.0.0.0/0",
                            "description": "",
                            "from_port": "8443",
                            "id": "sgrule-861370213",
                            "ipv6_cidr_blocks.#": "0",
                            "prefix_list_ids.#": "0",
                            "protocol": "tcp",
                            "security_group_id": "sg-08c3c81f4378fc637",
                            "self": "false",
                            "to_port": "8443",
                            "type": "ingress"
                        },
                        "meta": {
                            "schema_version": "2"
                        },
                        "tainted": false
                    },
                    "deposed": [],
                    "provider": "provider.aws"
                },
                "aws_security_group_rule.concourse_lb_internal_8844": {
                    "type": "aws_security_group_rule",
                    "depends_on": [
                        "aws_security_group.concourse_lb_internal_security_group"
                    ],
                    "primary": {
                        "id": "sgrule-3274970881",
                        "attributes": {
                            "cidr_blocks.#": "1",
                            "cidr_blocks.0": "0.0.0.0/0",
                            "description": "",
                            "from_port": "8844",
                            "id": "sgrule-3274970881",
                            "ipv6_cidr_blocks.#": "0",
                            "prefix_list_ids.#": "0",
                            "protocol": "tcp",
                            "security_group_id": "sg-08c3c81f4378fc637",
                            "self": "false",
                            "to_port": "8844",
                            "type": "ingress"
                        },
                        "meta": {
                            "schema_version": "2"
                        },
                        "tainted": false
                    },
                    "deposed": [],
                    "provider": "provider.aws"
                },
                "aws_security_group_rule.concourse_lb_internal_egress": {
                    "type": "aws_security_group_rule",
                    "depends_on": [
                        "aws_security_group.concourse_lb_internal_security_group"
                    ],
                    "primary": {
                        "id": "sgrule-3219466389",
                        "attributes": {
                            "cidr_blocks.#": "1",
                            "cidr_blocks.0": "0.0.0.0/0",
                            "description": "",
                            "from_port": "0",
                            "id": "sgrule-3219466389",
                            "ipv6_cidr_blocks.#": "0",
                            "prefix_list_ids.#": "0",
                            "protocol": "-1",
                            "security_group_id": "sg-08c3c81f4378fc637",
                            "self": "false",
                            "to_port": "0",
                            "type": "egress"
                        },
                        "meta": {
                            "schema_version": "2"
                        },
                        "tainted": false
                    },
                    "deposed": [],
                    "provider": "provider.aws"
                },
                "aws_security_group_rule.internal_security_group_rule_allow_internet": {
                    "type": "aws_security_group_rule",
                    "depends_on": [
                        "aws_security_group.internal_security_group"
                    ],
                    "primary": {
                        "id": "sgrule-4274247566",
                        "attributes": {
                            "cidr_blocks.#": "1",
                            "cidr_blocks.0": "0.0.0.0/0",
                            "description": "",
                            "from_port": "0",
                            "id": "sgrule-4274247566",
                            "ipv6_cidr_blocks.#": "0",
                            "prefix_list_ids.#": "0",
                            "protocol": "-1",
                            "security_group_id": "sg-00bd6ffc4d957a8d3",
                            "self": "false",
                            "to_port": "0",
                            "type": "egress"
                        },
                        "meta": {
                            "schema_version": "2"
                        },
                        "tainted": false
                    },
                    "deposed": [],
                    "provider": "provider.aws"
                },
                "aws_security_group_rule.internal_security_group_rule_icmp": {
                    "type": "aws_security_group_rule",
                    "depends_on": [
                        "aws_security_group.internal_security_group"
                    ],
                    "primary": {
                        "id": "sgrule-3794613009",
                        "attributes": {
                            "cidr_blocks.#": "1",
                            "cidr_blocks.0": "0.0.0.0/0",
                            "description": "",
                            "from_port": "-1",
                            "id": "sgrule-3794613009",
                            "ipv6_cidr_blocks.#": "0",
                            "prefix_list_ids.#": "0",
                            "protocol": "icmp",
                            "security_group_id": "sg-00bd6ffc4d957a8d3",
                            "self": "false",
                            "to_port": "-1",
                            "type": "ingress"
                        },
                        "meta": {
                            "schema_version": "2"
                        },
                        "tainted": false
                    },
                    "deposed": [],
                    "provider": "provider.aws"
                },
                "aws_security_group_rule.internal_security_group_rule_ssh": {
                    "type": "aws_security_group_rule",
                    "depends_on": [
                        "aws_security_group.internal_security_group",
                        "aws_security_group.jumpbox"
                    ],
                    "primary": {
                        "id": "sgrule-2064677201",
                        "attributes": {
                            "cidr_blocks.#": "0",
                            "description": "",
                            "from_port": "22",
                            "id": "sgrule-2064677201",
                            "ipv6_cidr_blocks.#": "0",
                            "prefix_list_ids.#": "0",
                            "protocol": "tcp",
                            "security_group_id": "sg-00bd6ffc4d957a8d3",
                            "self": "false",
                            "source_security_group_id": "sg-01129e91998af8392",
                            "to_port": "22",
                            "type": "ingress"
                        },
                        "meta": {
                            "schema_version": "2"
                        },
                        "tainted": false
                    },
                    "deposed": [],
                    "provider": "provider.aws"
                },
                "aws_security_group_rule.internal_security_group_rule_tcp": {
                    "type": "aws_security_group_rule",
                    "depends_on": [
                        "aws_security_group.internal_security_group"
                    ],
                    "primary": {
                        "id": "sgrule-1555553541",
                        "attributes": {
                            "cidr_blocks.#": "0",
                            "description": "",
                            "from_port": "0",
                            "id": "sgrule-1555553541",
                            "ipv6_cidr_blocks.#": "0",
                            "prefix_list_ids.#": "0",
                            "protocol": "tcp",
                            "security_group_id": "sg-00bd6ffc4d957a8d3",
                            "self": "true",
                            "source_security_group_id": "sg-00bd6ffc4d957a8d3",
                            "to_port": "65535",
                            "type": "ingress"
                        },
                        "meta": {
                            "schema_version": "2"
                        },
                        "tainted": false
                    },
                    "deposed": [],
                    "provider": "provider.aws"
                },
                "aws_security_group_rule.internal_security_group_rule_udp": {
                    "type": "aws_security_group_rule",
                    "depends_on": [
                        "aws_security_group.internal_security_group"
                    ],
                    "primary": {
                        "id": "sgrule-4175986410",
                        "attributes": {
                            "cidr_blocks.#": "0",
                            "description": "",
                            "from_port": "0",
                            "id": "sgrule-4175986410",
                            "ipv6_cidr_blocks.#": "0",
                            "prefix_list_ids.#": "0",
                            "protocol": "udp",
                            "security_group_id": "sg-00bd6ffc4d957a8d3",
                            "self": "true",
                            "source_security_group_id": "sg-00bd6ffc4d957a8d3",
                            "to_port": "65535",
                            "type": "ingress"
                        },
                        "meta": {
                            "schema_version": "2"
                        },
                        "tainted": false
                    },
                    "deposed": [],
                    "provider": "provider.aws"
                },
                "aws_security_group_rule.jumpbox_agent": {
                    "type": "aws_security_group_rule",
                    "depends_on": [
                        "aws_security_group.jumpbox"
                    ],
                    "primary": {
                        "id": "sgrule-2285708877",
                        "attributes": {
                            "cidr_blocks.#": "1",
                            "cidr_blocks.0": "0.0.0.0/0",
                            "description": "",
                            "from_port": "6868",
                            "id": "sgrule-2285708877",
                            "ipv6_cidr_blocks.#": "0",
                            "prefix_list_ids.#": "0",
                            "protocol": "tcp",
                            "security_group_id": "sg-01129e91998af8392",
                            "self": "false",
                            "to_port": "6868",
                            "type": "ingress"
                        },
                        "meta": {
                            "schema_version": "2"
                        },
                        "tainted": false
                    },
                    "deposed": [],
                    "provider": "provider.aws"
                },
                "aws_security_group_rule.jumpbox_director": {
                    "type": "aws_security_group_rule",
                    "depends_on": [
                        "aws_security_group.jumpbox"
                    ],
                    "primary": {
                        "id": "sgrule-2857313949",
                        "attributes": {
                            "cidr_blocks.#": "1",
                            "cidr_blocks.0": "0.0.0.0/0",
                            "description": "",
                            "from_port": "25555",
                            "id": "sgrule-2857313949",
                            "ipv6_cidr_blocks.#": "0",
                            "prefix_list_ids.#": "0",
                            "protocol": "tcp",
                            "security_group_id": "sg-01129e91998af8392",
                            "self": "false",
                            "to_port": "25555",
                            "type": "ingress"
                        },
                        "meta": {
                            "schema_version": "2"
                        },
                        "tainted": false
                    },
                    "deposed": [],
                    "provider": "provider.aws"
                },
                "aws_security_group_rule.jumpbox_egress": {
                    "type": "aws_security_group_rule",
                    "depends_on": [
                        "aws_security_group.jumpbox"
                    ],
                    "primary": {
                        "id": "sgrule-3647930899",
                        "attributes": {
                            "cidr_blocks.#": "1",
                            "cidr_blocks.0": "0.0.0.0/0",
                            "description": "",
                            "from_port": "0",
                            "id": "sgrule-3647930899",
                            "ipv6_cidr_blocks.#": "0",
                            "prefix_list_ids.#": "0",
                            "protocol": "-1",
                            "security_group_id": "sg-01129e91998af8392",
                            "self": "false",
                            "to_port": "0",
                            "type": "egress"
                        },
                        "meta": {
                            "schema_version": "2"
                        },
                        "tainted": false
                    },
                    "deposed": [],
                    "provider": "provider.aws"
                },
                "aws_security_group_rule.jumpbox_rdp": {
                    "type": "aws_security_group_rule",
                    "depends_on": [
                        "aws_security_group.jumpbox"
                    ],
                    "primary": {
                        "id": "sgrule-3490701653",
                        "attributes": {
                            "cidr_blocks.#": "1",
                            "cidr_blocks.0": "0.0.0.0/0",
                            "description": "",
                            "from_port": "3389",
                            "id": "sgrule-3490701653",
                            "ipv6_cidr_blocks.#": "0",
                            "prefix_list_ids.#": "0",
                            "protocol": "tcp",
                            "security_group_id": "sg-01129e91998af8392",
                            "self": "false",
                            "to_port": "3389",
                            "type": "ingress"
                        },
                        "meta": {
                            "schema_version": "2"
                        },
                        "tainted": false
                    },
                    "deposed": [],
                    "provider": "provider.aws"
                },
                "aws_security_group_rule.jumpbox_ssh": {
                    "type": "aws_security_group_rule",
                    "depends_on": [
                        "aws_security_group.jumpbox"
                    ],
                    "primary": {
                        "id": "sgrule-1436917448",
                        "attributes": {
                            "cidr_blocks.#": "1",
                            "cidr_blocks.0": "0.0.0.0/0",
                            "description": "",
                            "from_port": "22",
                            "id": "sgrule-1436917448",
                            "ipv6_cidr_blocks.#": "0",
                            "prefix_list_ids.#": "0",
                            "protocol": "tcp",
                            "security_group_id": "sg-01129e91998af8392",
                            "self": "false",
                            "to_port": "22",
                            "type": "ingress"
                        },
                        "meta": {
                            "schema_version": "2"
                        },
                        "tainted": false
                    },
                    "deposed": [],
                    "provider": "provider.aws"
                },
                "aws_security_group_rule.nat_icmp_rule": {
                    "type": "aws_security_group_rule",
                    "depends_on": [
                        "aws_security_group.nat_security_group"
                    ],
                    "primary": {
                        "id": "sgrule-2576673533",
                        "attributes": {
                            "cidr_blocks.#": "1",
                            "cidr_blocks.0": "0.0.0.0/0",
                            "description": "",
                            "from_port": "-1",
                            "id": "sgrule-2576673533",
                            "ipv6_cidr_blocks.#": "0",
                            "prefix_list_ids.#": "0",
                            "protocol": "icmp",
                            "security_group_id": "sg-0cfda83445a0c68a0",
                            "self": "false",
                            "to_port": "-1",
                            "type": "ingress"
                        },
                        "meta": {
                            "schema_version": "2"
                        },
                        "tainted": false
                    },
                    "deposed": [],
                    "provider": "provider.aws"
                },
                "aws_security_group_rule.nat_tcp_rule": {
                    "type": "aws_security_group_rule",
                    "depends_on": [
                        "aws_security_group.internal_security_group",
                        "aws_security_group.nat_security_group"
                    ],
                    "primary": {
                        "id": "sgrule-404540497",
                        "attributes": {
                            "cidr_blocks.#": "0",
                            "description": "",
                            "from_port": "0",
                            "id": "sgrule-404540497",
                            "ipv6_cidr_blocks.#": "0",
                            "prefix_list_ids.#": "0",
                            "protocol": "tcp",
                            "security_group_id": "sg-0cfda83445a0c68a0",
                            "self": "false",
                            "source_security_group_id": "sg-00bd6ffc4d957a8d3",
                            "to_port": "65535",
                            "type": "ingress"
                        },
                        "meta": {
                            "schema_version": "2"
                        },
                        "tainted": false
                    },
                    "deposed": [],
                    "provider": "provider.aws"
                },
                "aws_security_group_rule.nat_to_internet_rule": {
                    "type": "aws_security_group_rule",
                    "depends_on": [
                        "aws_security_group.nat_security_group"
                    ],
                    "primary": {
                        "id": "sgrule-1052786632",
                        "attributes": {
                            "cidr_blocks.#": "1",
                            "cidr_blocks.0": "0.0.0.0/0",
                            "description": "",
                            "from_port": "0",
                            "id": "sgrule-1052786632",
                            "ipv6_cidr_blocks.#": "0",
                            "prefix_list_ids.#": "0",
                            "protocol": "-1",
                            "security_group_id": "sg-0cfda83445a0c68a0",
                            "self": "false",
                            "to_port": "0",
                            "type": "egress"
                        },
                        "meta": {
                            "schema_version": "2"
                        },
                        "tainted": false
                    },
                    "deposed": [],
                    "provider": "provider.aws"
                },
                "aws_security_group_rule.nat_udp_rule": {
                    "type": "aws_security_group_rule",
                    "depends_on": [
                        "aws_security_group.internal_security_group",
                        "aws_security_group.nat_security_group"
                    ],
                    "primary": {
                        "id": "sgrule-3158536126",
                        "attributes": {
                            "cidr_blocks.#": "0",
                            "description": "",
                            "from_port": "0",
                            "id": "sgrule-3158536126",
                            "ipv6_cidr_blocks.#": "0",
                            "prefix_list_ids.#": "0",
                            "protocol": "udp",
                            "security_group_id": "sg-0cfda83445a0c68a0",
                            "self": "false",
                            "source_security_group_id": "sg-00bd6ffc4d957a8d3",
                            "to_port": "65535",
                            "type": "ingress"
                        },
                        "meta": {
                            "schema_version": "2"
                        },
                        "tainted": false
                    },
                    "deposed": [],
                    "provider": "provider.aws"
                },
                "aws_subnet.bosh_subnet": {
                    "type": "aws_subnet",
                    "depends_on": [
                        "local.vpc_id"
                    ],
                    "primary": {
                        "id": "subnet-033022b27f5ba59eb",
                        "attributes": {
                            "arn": "arn:aws:ec2:us-west-2:591090939115:subnet/subnet-033022b27f5ba59eb",
                            "assign_ipv6_address_on_creation": "false",
                            "availability_zone": "us-west-2a",
                            "cidr_block": "10.0.0.0/24",
                            "id": "subnet-033022b27f5ba59eb",
                            "map_public_ip_on_launch": "false",
                            "tags.%": "1",
                            "tags.Name": "bbl-env-issyk-kul-2018-09-12t09-01z-bosh-subnet",
                            "vpc_id": "vpc-0083f92de75c2a024"
                        },
                        "meta": {
                            "schema_version": "1"
                        },
                        "tainted": false
                    },
                    "deposed": [],
                    "provider": "provider.aws"
                },
                "aws_subnet.internal_subnets.0": {
                    "type": "aws_subnet",
                    "depends_on": [
                        "local.vpc_id"
                    ],
                    "primary": {
                        "id": "subnet-091df1b68bd47dd23",
                        "attributes": {
                            "arn": "arn:aws:ec2:us-west-2:591090939115:subnet/subnet-091df1b68bd47dd23",
                            "assign_ipv6_address_on_creation": "false",
                            "availability_zone": "us-west-2a",
                            "cidr_block": "10.0.16.0/20",
                            "id": "subnet-091df1b68bd47dd23",
                            "map_public_ip_on_launch": "false",
                            "tags.%": "1",
                            "tags.Name": "bbl-env-issyk-kul-2018-09-12t09-01z-internal-subnet0",
                            "vpc_id": "vpc-0083f92de75c2a024"
                        },
                        "meta": {
                            "schema_version": "1"
                        },
                        "tainted": false
                    },
                    "deposed": [],
                    "provider": "provider.aws"
                },
                "aws_subnet.internal_subnets.1": {
                    "type": "aws_subnet",
                    "depends_on": [
                        "local.vpc_id"
                    ],
                    "primary": {
                        "id": "subnet-097b965ef6e97509d",
                        "attributes": {
                            "arn": "arn:aws:ec2:us-west-2:591090939115:subnet/subnet-097b965ef6e97509d",
                            "assign_ipv6_address_on_creation": "false",
                            "availability_zone": "us-west-2b",
                            "cidr_block": "10.0.32.0/20",
                            "id": "subnet-097b965ef6e97509d",
                            "map_public_ip_on_launch": "false",
                            "tags.%": "1",
                            "tags.Name": "bbl-env-issyk-kul-2018-09-12t09-01z-internal-subnet1",
                            "vpc_id": "vpc-0083f92de75c2a024"
                        },
                        "meta": {
                            "schema_version": "1"
                        },
                        "tainted": false
                    },
                    "deposed": [],
                    "provider": "provider.aws"
                },
                "aws_subnet.internal_subnets.2": {
                    "type": "aws_subnet",
                    "depends_on": [
                        "local.vpc_id"
                    ],
                    "primary": {
                        "id": "subnet-0b9e5ba6d4b42f434",
                        "attributes": {
                            "arn": "arn:aws:ec2:us-west-2:591090939115:subnet/subnet-0b9e5ba6d4b42f434",
                            "assign_ipv6_address_on_creation": "false",
                            "availability_zone": "us-west-2c",
                            "cidr_block": "10.0.48.0/20",
                            "id": "subnet-0b9e5ba6d4b42f434",
                            "map_public_ip_on_launch": "false",
                            "tags.%": "1",
                            "tags.Name": "bbl-env-issyk-kul-2018-09-12t09-01z-internal-subnet2",
                            "vpc_id": "vpc-0083f92de75c2a024"
                        },
                        "meta": {
                            "schema_version": "1"
                        },
                        "tainted": false
                    },
                    "deposed": [],
                    "provider": "provider.aws"
                },
                "aws_subnet.lb_subnets.0": {
                    "type": "aws_subnet",
                    "depends_on": [
                        "local.vpc_id"
                    ],
                    "primary": {
                        "id": "subnet-064cc631ef5007ec1",
                        "attributes": {
                            "arn": "arn:aws:ec2:us-west-2:591090939115:subnet/subnet-064cc631ef5007ec1",
                            "assign_ipv6_address_on_creation": "false",
                            "availability_zone": "us-west-2a",
                            "cidr_block": "10.0.2.0/24",
                            "id": "subnet-064cc631ef5007ec1",
                            "map_public_ip_on_launch": "false",
                            "tags.%": "1",
                            "tags.Name": "bbl-env-issyk-kul-2018-09-12t09-01z-lb-subnet0",
                            "vpc_id": "vpc-0083f92de75c2a024"
                        },
                        "meta": {
                            "schema_version": "1"
                        },
                        "tainted": false
                    },
                    "deposed": [],
                    "provider": "provider.aws"
                },
                "aws_subnet.lb_subnets.1": {
                    "type": "aws_subnet",
                    "depends_on": [
                        "local.vpc_id"
                    ],
                    "primary": {
                        "id": "subnet-0017a125148cb47dd",
                        "attributes": {
                            "arn": "arn:aws:ec2:us-west-2:591090939115:subnet/subnet-0017a125148cb47dd",
                            "assign_ipv6_address_on_creation": "false",
                            "availability_zone": "us-west-2b",
                            "cidr_block": "10.0.3.0/24",
                            "id": "subnet-0017a125148cb47dd",
                            "map_public_ip_on_launch": "false",
                            "tags.%": "1",
                            "tags.Name": "bbl-env-issyk-kul-2018-09-12t09-01z-lb-subnet1",
                            "vpc_id": "vpc-0083f92de75c2a024"
                        },
                        "meta": {
                            "schema_version": "1"
                        },
                        "tainted": false
                    },
                    "deposed": [],
                    "provider": "provider.aws"
                },
                "aws_subnet.lb_subnets.2": {
                    "type": "aws_subnet",
                    "depends_on": [
                        "local.vpc_id"
                    ],
                    "primary": {
                        "id": "subnet-00fe2e6aed0f13f60",
                        "attributes": {
                            "arn": "arn:aws:ec2:us-west-2:591090939115:subnet/subnet-00fe2e6aed0f13f60",
                            "assign_ipv6_address_on_creation": "false",
                            "availability_zone": "us-west-2c",
                            "cidr_block": "10.0.4.0/24",
                            "id": "subnet-00fe2e6aed0f13f60",
                            "map_public_ip_on_launch": "false",
                            "tags.%": "1",
                            "tags.Name": "bbl-env-issyk-kul-2018-09-12t09-01z-lb-subnet2",
                            "vpc_id": "vpc-0083f92de75c2a024"
                        },
                        "meta": {
                            "schema_version": "1"
                        },
                        "tainted": false
                    },
                    "deposed": [],
                    "provider": "provider.aws"
                },
                "aws_vpc.vpc": {
                    "type": "aws_vpc",
                    "depends_on": [
                        "local.vpc_count"
                    ],
                    "primary": {
                        "id": "vpc-0083f92de75c2a024",
                        "attributes": {
                            "arn": "arn:aws:ec2:us-west-2:591090939115:vpc/vpc-0083f92de75c2a024",
                            "assign_generated_ipv6_cidr_block": "false",
                            "cidr_block": "10.0.0.0/16",
                            "default_network_acl_id": "acl-030d4ffcf415bddb3",
                            "default_route_table_id": "rtb-091ecfce9502b4b21",
                            "default_security_group_id": "sg-098642480cd091e3a",
                            "dhcp_options_id": "dopt-9e4816e7",
                            "enable_classiclink": "false",
                            "enable_classiclink_dns_support": "false",
                            "enable_dns_hostnames": "true",
                            "enable_dns_support": "true",
                            "id": "vpc-0083f92de75c2a024",
                            "instance_tenancy": "default",
                            "main_route_table_id": "rtb-091ecfce9502b4b21",
                            "tags.%": "1",
                            "tags.Name": "bbl-env-issyk-kul-2018-09-12t09-01z-vpc"
                        },
                        "meta": {
                            "schema_version": "1"
                        },
                        "tainted": false
                    },
                    "deposed": [],
                    "provider": "provider.aws"
                },
                "tls_private_key.bosh_vms": {
                    "type": "tls_private_key",
                    "depends_on": [],
                    "primary": {
                        "id": "406ec8425fd0ec7c3ba06d81cfd116852a14ba03",
                        "attributes": {
                            "algorithm": "RSA",
                            "ecdsa_curve": "P224",
                            "id": "406ec8425fd0ec7c3ba06d81cfd116852a14ba03",
                            "private_key_pem": "-----BEGIN RSA PRIVATE KEY-----\nMIIJJwIBAAKCAgEAqQtPt6duvnDqeD8Tw2qmsNJn3zRuDL+tchc7vF4icucRLjuf\n9NSjUgVBsjYBrqsplGxPqVKD1ryU4wJ8oXxR8024Lthgz1ovV1zsE3SXQdns7OsH\ncNmA/w/+ECapebkdamrOPDUQdXXV1VB/xedgn7A/bhLnri00lrlNC6O7EopWN+cF\nQFZGCQMFdTN0qV34jr5c1SETN6S9j3CBgZ+8yerminEbOE72LWrVk9I++CZ7Kqt3\ngOC3WXjYXgWrkpLy/U6oodvIJOOVop9PejuKaz4qHbCJ/LMbFgDS81xJvuj1teE5\nHQ0KJDDef5wrQVu4EEPt83QujnGD2AA5GRLat3BQqUb7Fzrjm/uc7DoIgctt5zOL\nY1LKP61aTtTMcJ4MyMR8sgKIi+3YdcOSoj0kKzvTvoff3zd8lYnyy4g2WrYe5Cel\n7DZV5gbfO2S5EuVdRCTBDgXgqFSJ9UXEXor8nD7Nb6l887+ZIRFFIRmdIDm2tCvP\n2HY5/l7vUIf6CsC+l1t8t74ylqi3cOZxXSLjM9pS1zC63BMmfonepDKuznej7SGC\n3TFnX9c6J8VBW0X2BFJIBBTqazKxc8RTmA67BGu1qtR3ChUw304Gwq6k3LghNdBL\nSPsoJazlDeiP95SMFeqMvNeV5o5/eHXYOAUZJXuMjeWI5bCKME1ig1rwC+ECAwEA\nAQKCAgBD/qnFDJLuBUs6rNyNOQPtkeR4EoXFmP/yKUg833xpzWnKt+8CMtmyryya\nu0B3+p8R9XMhf3BKWrZkjWaGKhRokjVoml5uaS8rq9PFi5sfwMGdFnh6uvI5Jjyi\nUHrQ3FXprSZhb1K8fHZThDqw5v2lneYVp4MLO2Gw0r4b1XL05TIC8GjbVRh8nXt/\nhgAB9Ct7dzSuAczSD/CzlqRw+Eiey16KBy7UumYpJJTeDa6IcCoQosHB1CHL2mDl\niNBXd8ZHf3EzEc1ykRxqOjxkxThLJMkaAh2uyHg3pIM1okSDhv72dq5bchhHMGT+\n3VlEw9jIqho3V982KpDGvGg7HqtcgG2n8hV/nSNG7V1XN1RVOePIO8zmro9AJyqU\nmXkGsnPtT/IASpjRWPYLXNsT2FwzWTFtV5yNzCaVfwM/NiOVVjzI0nJYcHTKLEh8\nVzkWk6dCBX8DrkbLxCXYVMwS0GnmgWtsGfZ7fJoAJRg4n0Kych1mN48cf8F5huga\nhT6LbgrZPFtlPe3skqYgg5nxn2tci6GulcL4OPSQNZIUB1SVuCUu8oQCQrj/6mjp\nwLuBV7PJcxrkpbFml/0LEWuoldE1uyPCClgqVcdrY5GP9nY+Txc/Aae49Z4v+EhI\nYxrFqF+PVKsQGOyxchf6s8qMyz9VonjBopKCqHEdh6FzihhG9QKCAQEAzAutib2a\ngo9ExxaR1fQKvzWJzJcqY1tpzTb/mglIwEZWjnKMBoUb9Ohuh2JoQnh3zdqw6ng4\nM82AHHLYKOMqcMMid4sPGDIWEtdk2d8McT1Hsil9DRQuCl3jFakx6FOmtzKTDG+V\n69WshBRU2EZBZ/g3jPNwE05QKjwDalDEBnr4mBZ+HWTnP5Yt3N9SsoNtyH+g/qHA\nzgjFfWVCL+BszQN3AZQRJkqg5xlfKLwpnmsbDrPk5K31Q0eRJQjul+kh9Adg1T/w\nXqGYaC8ukcV+7s3qPyx43tWZfLEISIGFidNVvd1W7l7DgWo1guiY3r1fO0Xmx+Xw\nFbWU/IaAvBaI6wKCAQEA1BYh4Mn71cF8SVVkiGKdxjiO0UC0PEKECz/BlugscgWm\nUERRHcTWuuDlF1HogbdAH5Ddb8g6Oyk0+VhidNPqycffQbIDA2ILyLE8dymj+UJM\noufPJo3H8SSAU9IIUe6+0qAjwT2ZJx7mRSYFZFX4V6yiWXN0/jRvVz9EKxnfWE2r\nLpsqVuEaWxccqTDge4hWlXM0GnwGsUNuJ1yrnmeWNRT8kjTO3zvpuNpYi9fshv0x\nRkFusHRHTrHiZ3HMa5X62+MbbiBNJ42f2Ah4SiUJnX4o9OqeTEkD3bGDynbVsDNM\n94z7xDUkexG9AMWuuo/Hl9bQ9WkvPe8q3H0ofUULYwKCAQA4Rbg0Vn/4Jb7YERdj\nJAyasw8vxzi/cgR5vgM73fecX0mbu2d2nNsa7ccduzv5qPORaBCGeWU2lCQStHF8\nxTl9I7OruEQPbjC8PX7ovyTVTgspzVtZcglIfqAT5zeGVRuTRnVbZqK4CZOsUVcc\n1jNPkxru2mw8RsrA+xAOD/wftWY9u2ZIgP1tgeNgGI7cAHcUZm5mCwH7UFv2uyhH\nv+MBn0UAwG8CWm6JjWu69jmcIPmzUlV746XSSjhzOEVky7y7ahWAekO2NWasxOZY\n+ViKT2ucxI0JF2tfAgvAw0eqvQfWduZ0ktnkJQBg+/i85QkQdbSxyG4v7oYKJqX2\nOVjFAoIBAGmRsr9gC1k1fJZMSUSSQhLfKEgEuzKbsXqf+88QNr9zDHw75Vy6FGDl\nfWOERAX9n4+W3oK72jCErHfJhQi+S8qxEPJ0l4dhkJgPkReHxLVYSSl11elM/c+M\n6cvPapDOFHJngCS6crfEa77T1C9Dk+CgcBeynvPCSgHV3irOMByWXLVQS1z/o8zf\nzkZxq+wRy3eM5sygG/y0oeo5+LtauKwnjCmC287G1epL1XOWwYfYFGTyQRTYbH5B\nkX8IaEbNWxeFDqxcq8sadgxk+ut9UDHzEJQJDU7PsXry17U6Pdf9UTyQEupxwXz5\nMWlm/TikRSfRqCXge8GKgX1LV5Izgh0CggEAQS+qQ+qlptN1v8ehsO019/5ddW4j\noljxHL44RC2C7FpowrvthgrjQJu2w9+8ChDBY1szyx0pHq/40V5UCPurEQy4vLWC\nIBejlHuxsveEj916J9UF+EvEsB6D/ZmFosXEWMl4TWD7NZS/mG/lW24voBAIP+KC\nIaGMy0Z//lxpe7PXiW9wiaVmtsoOd4Dnz4orSRTW/2ok+Ez8WQPmwB5jWrDLhwzb\nmMwBntzdU4A8+MmsAXINOU9phbU77Glcn7dKEWikvzfdkSvGpZxD5ABrmwul49hT\n+uAzhdHYVcSDfsw9wr9TO4Ptf+sgmpufqxqzwZmfIsXMB54Suo9nMj6GZQ==\n-----END RSA PRIVATE KEY-----\n",
                            "public_key_fingerprint_md5": "d3:d7:55:cb:2f:2b:c6:63:f2:01:47:c9:93:f5:58:d2",
                            "public_key_openssh": "ssh-rsa AAAAB3NzaC1yc2EAAAADAQABAAACAQCpC0+3p26+cOp4PxPDaqaw0mffNG4Mv61yFzu8XiJy5xEuO5/01KNSBUGyNgGuqymUbE+pUoPWvJTjAnyhfFHzTbgu2GDPWi9XXOwTdJdB2ezs6wdw2YD/D/4QJql5uR1qas48NRB1ddXVUH/F52CfsD9uEueuLTSWuU0Lo7sSilY35wVAVkYJAwV1M3SpXfiOvlzVIRM3pL2PcIGBn7zJ6uaKcRs4TvYtatWT0j74Jnsqq3eA4LdZeNheBauSkvL9Tqih28gk45Win096O4prPiodsIn8sxsWANLzXEm+6PW14TkdDQokMN5/nCtBW7gQQ+3zdC6OcYPYADkZEtq3cFCpRvsXOuOb+5zsOgiBy23nM4tjUso/rVpO1MxwngzIxHyyAoiL7dh1w5KiPSQrO9O+h9/fN3yVifLLiDZath7kJ6XsNlXmBt87ZLkS5V1EJMEOBeCoVIn1RcReivycPs1vqXzzv5khEUUhGZ0gOba0K8/Ydjn+Xu9Qh/oKwL6XW3y3vjKWqLdw5nFdIuMz2lLXMLrcEyZ+id6kMq7Od6PtIYLdMWdf1zonxUFbRfYEUkgEFOprMrFzxFOYDrsEa7Wq1HcKFTDfTgbCrqTcuCE10EtI+yglrOUN6I/3lIwV6oy815Xmjn94ddg4BRkle4yN5YjlsIowTWKDWvAL4Q==\n",
                            "public_key_pem": "-----BEGIN PUBLIC KEY-----\nMIICIjANBgkqhkiG9w0BAQEFAAOCAg8AMIICCgKCAgEAqQtPt6duvnDqeD8Tw2qm\nsNJn3zRuDL+tchc7vF4icucRLjuf9NSjUgVBsjYBrqsplGxPqVKD1ryU4wJ8oXxR\n8024Lthgz1ovV1zsE3SXQdns7OsHcNmA/w/+ECapebkdamrOPDUQdXXV1VB/xedg\nn7A/bhLnri00lrlNC6O7EopWN+cFQFZGCQMFdTN0qV34jr5c1SETN6S9j3CBgZ+8\nyerminEbOE72LWrVk9I++CZ7Kqt3gOC3WXjYXgWrkpLy/U6oodvIJOOVop9PejuK\naz4qHbCJ/LMbFgDS81xJvuj1teE5HQ0KJDDef5wrQVu4EEPt83QujnGD2AA5GRLa\nt3BQqUb7Fzrjm/uc7DoIgctt5zOLY1LKP61aTtTMcJ4MyMR8sgKIi+3YdcOSoj0k\nKzvTvoff3zd8lYnyy4g2WrYe5Cel7DZV5gbfO2S5EuVdRCTBDgXgqFSJ9UXEXor8\nnD7Nb6l887+ZIRFFIRmdIDm2tCvP2HY5/l7vUIf6CsC+l1t8t74ylqi3cOZxXSLj\nM9pS1zC63BMmfonepDKuznej7SGC3TFnX9c6J8VBW0X2BFJIBBTqazKxc8RTmA67\nBGu1qtR3ChUw304Gwq6k3LghNdBLSPsoJazlDeiP95SMFeqMvNeV5o5/eHXYOAUZ\nJXuMjeWI5bCKME1ig1rwC+ECAwEAAQ==\n-----END PUBLIC KEY-----\n",
                            "rsa_bits": "4096"
                        },
                        "meta": {},
                        "tainted": false
                    },
                    "deposed": [],
                    "provider": "provider.tls"
                }
            },
            "depends_on": []
        }
    ]
}
